PODS:
  - Alamofire (5.7.1)
  - BigInt (5.2.0)
  - CryptoSwift (1.5.1)
  - PromiseKit (6.15.3):
    - PromiseKit/CorePromise (= 6.15.3)
    - PromiseKit/Foundation (= 6.15.3)
    - PromiseKit/UIKit (= 6.15.3)
  - PromiseKit/CorePromise (6.15.3)
  - PromiseKit/Foundation (6.15.3):
    - PromiseKit/CorePromise
  - PromiseKit/UIKit (6.15.3):
    - PromiseKit/CorePromise
  - secp256k1.c (0.1.2)
  - Starscream (4.0.4)
  - Web3Core (3.1.2):
    - BigInt (~> 5.2.0)
    - CryptoSwift (~> 1.5.1)
    - secp256k1.c (~> 0.1)
  - web3swift (3.1.2):
    - Starscream (~> 4.0.4)
    - Web3Core (~> 3.1.2)

DEPENDENCIES:
  - Alamofire (= 5.7.1)
  - BigInt (= 5.2.0)
  - PromiseKit (= 6.15.3)
  - secp256k1.c (= 0.1.2)
  - Starscream (= 4.0.4)
  - web3swift (= 3.1.2)

SPEC REPOS:
  trunk:
    - Alamofire
    - BigInt
    - CryptoSwift
    - PromiseKit
    - secp256k1.c
    - Starscream
    - Web3Core
    - web3swift

SPEC CHECKSUMS:
  Alamofire: 0123a34370cb170936ae79a8df46cc62b2edeb88
  BigInt: f668a80089607f521586bbe29513d708491ef2f7
  CryptoSwift: c4f2debceb38bf44c80659afe009f71e23e4a082
  PromiseKit: 3b2b6995e51a954c46dbc550ce3da44fbfb563c5
  secp256k1.c: db47b726585d80f027423682eb369729e61b3b20
  Starscream: 5178aed56b316f13fa3bc55694e583d35dd414d9
  Web3Core: 050eb18f0434ac16c42eb7b2270fbce325935128
  web3swift: 8496f6615c3a1f86e7c9e5fe16c5422ef181527b

PODFILE CHECKSUM: ca1831d676ba8afa32dfd7b4881bda0593b359cc

COCOAPODS: 1.12.0
