PODS:
  - Alamofire (5.7.1)
  - BigInt (5.2.0)
  - CryptoSwift (1.4.3)
  - PromiseKit (6.15.3):
    - PromiseKit/CorePromise (= 6.15.3)
    - PromiseKit/Foundation (= 6.15.3)
    - PromiseKit/UIKit (= 6.15.3)
  - PromiseKit/CorePromise (6.15.3)
  - PromiseKit/Foundation (6.15.3):
    - PromiseKit/CorePromise
  - PromiseKit/UIKit (6.15.3):
    - PromiseKit/CorePromise
  - secp256k1.c (0.1.2)
  - Starscream (4.0.4)
  - web3swift-zksync (2.6.5-zksync):
    - BigInt (= 5.2.0)
    - CryptoSwift (= 1.4.3)
    - PromiseKit (= 6.15.3)
    - secp256k1.c (~> 0.1)
    - Starscream (= 4.0.4)

DEPENDENCIES:
  - Alamofire (= 5.7.1)
  - BigInt (= 5.2.0)
  - CryptoSwift (= 1.4.3)
  - PromiseKit (= 6.15.3)
  - secp256k1.c (= 0.1.2)
  - Starscream (= 4.0.4)
  - web3swift-zksync (from `https://github.com/zksync-sdk/web3swift.git`, branch `v2.6.5-zksync`)

SPEC REPOS:
  trunk:
    - Alamofire
    - BigInt
    - CryptoSwift
    - PromiseKit
    - secp256k1.c
    - Starscream

EXTERNAL SOURCES:
  web3swift-zksync:
    :branch: v2.6.5-zksync
    :git: https://github.com/zksync-sdk/web3swift.git

CHECKOUT OPTIONS:
  web3swift-zksync:
    :commit: bc45b1a4dc84ca3879013a2e8fe72f3ade0c8a4a
    :git: https://github.com/zksync-sdk/web3swift.git

SPEC CHECKSUMS:
  Alamofire: 0123a34370cb170936ae79a8df46cc62b2edeb88
  BigInt: f668a80089607f521586bbe29513d708491ef2f7
  CryptoSwift: a0799ee936271bd2253a006f1e4523df21845000
  PromiseKit: 3b2b6995e51a954c46dbc550ce3da44fbfb563c5
  secp256k1.c: db47b726585d80f027423682eb369729e61b3b20
  Starscream: 5178aed56b316f13fa3bc55694e583d35dd414d9
  web3swift-zksync: c3d61f9ef245bd24fefdff59e05e5502ac193528

PODFILE CHECKSUM: 5811806401aefcd9340d6ae26d1b08001a5e1ae5

COCOAPODS: 1.12.0
