// !$*UTF8*$!
{
	archiveVersion = 1;
	classes = {
	};
	objectVersion = 56;
	objects = {

/* Begin PBXBuildFile section */
		8412AB908007CD12AD22A01D /* Pods_zkSync_Demo.framework in Frameworks */ = {isa = PBXBuildFile; fileRef = 733BCEFC1510DADA690FB969 /* Pods_zkSync_Demo.framework */; };
		FA7CBF072A110E3D005A7E58 /* ContentViewModel.swift in Sources */ = {isa = PBXBuildFile; fileRef = FA7CBF062A110E3D005A7E58 /* ContentViewModel.swift */; };
		FA8FD8862A4F83D100D0EB17 /* Token.json in Resources */ = {isa = PBXBuildFile; fileRef = FA8FD8762A4F83D100D0EB17 /* Token.json */; };
		FA8FD8872A4F83D100D0EB17 /* PaymasterFlow.json in Resources */ = {isa = PBXBuildFile; fileRef = FA8FD8772A4F83D100D0EB17 /* PaymasterFlow.json */; };
		FA8FD8882A4F83D100D0EB17 /* Paymaster.json in Resources */ = {isa = PBXBuildFile; fileRef = FA8FD8782A4F83D100D0EB17 /* Paymaster.json */; };
		FA8FD8892A4F83D100D0EB17 /* IERC1271.json in Resources */ = {isa = PBXBuildFile; fileRef = FA8FD87A2A4F83D100D0EB17 /* IERC1271.json */; };
		FA8FD88A2A4F83D100D0EB17 /* IAllowList.json in Resources */ = {isa = PBXBuildFile; fileRef = FA8FD87B2A4F83D100D0EB17 /* IAllowList.json */; };
		FA8FD88B2A4F83D100D0EB17 /* update-abi.sh in Resources */ = {isa = PBXBuildFile; fileRef = FA8FD87C2A4F83D100D0EB17 /* update-abi.sh */; };
		FA8FD88C2A4F83D100D0EB17 /* IL1Bridge.json in Resources */ = {isa = PBXBuildFile; fileRef = FA8FD87D2A4F83D100D0EB17 /* IL1Bridge.json */; };
		FA8FD88D2A4F83D100D0EB17 /* ContractDeployer.json in Resources */ = {isa = PBXBuildFile; fileRef = FA8FD87E2A4F83D100D0EB17 /* ContractDeployer.json */; };
		FA8FD88E2A4F83D100D0EB17 /* IEthToken.json in Resources */ = {isa = PBXBuildFile; fileRef = FA8FD87F2A4F83D100D0EB17 /* IEthToken.json */; };
		FA8FD88F2A4F83D100D0EB17 /* IPaymasterFlow.json in Resources */ = {isa = PBXBuildFile; fileRef = FA8FD8802A4F83D100D0EB17 /* IPaymasterFlow.json */; };
		FA8FD8902A4F83D100D0EB17 /* IZkSync.json in Resources */ = {isa = PBXBuildFile; fileRef = FA8FD8812A4F83D100D0EB17 /* IZkSync.json */; };
		FA8FD8912A4F83D100D0EB17 /* IL1Messenger.json in Resources */ = {isa = PBXBuildFile; fileRef = FA8FD8822A4F83D100D0EB17 /* IL1Messenger.json */; };
		FA8FD8922A4F83D100D0EB17 /* IL2Bridge.json in Resources */ = {isa = PBXBuildFile; fileRef = FA8FD8832A4F83D100D0EB17 /* IL2Bridge.json */; };
		FA8FD8932A4F83D100D0EB17 /* IERC20.json in Resources */ = {isa = PBXBuildFile; fileRef = FA8FD8842A4F83D100D0EB17 /* IERC20.json */; };
		FA8FD8942A4F83D100D0EB17 /* Storage.zbin in Resources */ = {isa = PBXBuildFile; fileRef = FA8FD8852A4F83D100D0EB17 /* Storage.zbin */; };
		FA8FD8EF2A4F94F400D0EB17 /* PrimaryButtonStyle.swift in Sources */ = {isa = PBXBuildFile; fileRef = FA8FD8D42A4F94F400D0EB17 /* PrimaryButtonStyle.swift */; };
		FA8FD8F02A4F94F400D0EB17 /* SecondaryButtonStyle.swift in Sources */ = {isa = PBXBuildFile; fileRef = FA8FD8D52A4F94F400D0EB17 /* SecondaryButtonStyle.swift */; };
		FA8FD8F12A4F94F400D0EB17 /* TertiaryButtonStyle.swift in Sources */ = {isa = PBXBuildFile; fileRef = FA8FD8D62A4F94F400D0EB17 /* TertiaryButtonStyle.swift */; };
		FA8FD8F22A4F94F400D0EB17 /* ButtonSize.swift in Sources */ = {isa = PBXBuildFile; fileRef = FA8FD8D82A4F94F400D0EB17 /* ButtonSize.swift */; };
		FA8FD8F32A4F94F400D0EB17 /* ButtonStyle.swift in Sources */ = {isa = PBXBuildFile; fileRef = FA8FD8D92A4F94F400D0EB17 /* ButtonStyle.swift */; };
		FA8FD8F42A4F94F400D0EB17 /* PrimaryButton.swift in Sources */ = {isa = PBXBuildFile; fileRef = FA8FD8DB2A4F94F400D0EB17 /* PrimaryButton.swift */; };
		FA8FD8F52A4F94F400D0EB17 /* TertiaryButton.swift in Sources */ = {isa = PBXBuildFile; fileRef = FA8FD8DC2A4F94F400D0EB17 /* TertiaryButton.swift */; };
		FA8FD8F62A4F94F400D0EB17 /* SecondaryButton.swift in Sources */ = {isa = PBXBuildFile; fileRef = FA8FD8DD2A4F94F400D0EB17 /* SecondaryButton.swift */; };
		FA8FD8F72A4F94F400D0EB17 /* ButtonViewBuilder.swift in Sources */ = {isa = PBXBuildFile; fileRef = FA8FD8DF2A4F94F400D0EB17 /* ButtonViewBuilder.swift */; };
		FA8FD8F82A4F94F400D0EB17 /* ButtonViewModel.swift in Sources */ = {isa = PBXBuildFile; fileRef = FA8FD8E12A4F94F400D0EB17 /* ButtonViewModel.swift */; };
		FA8FD8F92A4F94F400D0EB17 /* BaseSwiftUIView.swift in Sources */ = {isa = PBXBuildFile; fileRef = FA8FD8E32A4F94F400D0EB17 /* BaseSwiftUIView.swift */; };
		FA8FD8FC2A4F986C00D0EB17 /* View+Ext.swift in Sources */ = {isa = PBXBuildFile; fileRef = FA8FD8FB2A4F986C00D0EB17 /* View+Ext.swift */; };
		FA8FD9002A4F9FC700D0EB17 /* LoadingView.swift in Sources */ = {isa = PBXBuildFile; fileRef = FA8FD8FF2A4F9FC700D0EB17 /* LoadingView.swift */; };
		FA8FD9022A4FA08400D0EB17 /* UIControl+ActivityIndicatorView .swift in Sources */ = {isa = PBXBuildFile; fileRef = FA8FD9012A4FA08400D0EB17 /* UIControl+ActivityIndicatorView .swift */; };
		FACC39562A501C7500DDE38D /* Colors.xcassets in Resources */ = {isa = PBXBuildFile; fileRef = FACC394F2A501C7500DDE38D /* Colors.xcassets */; };
		FACC39572A501C7500DDE38D /* zkSync_DemoApp.swift in Sources */ = {isa = PBXBuildFile; fileRef = FACC39502A501C7500DDE38D /* zkSync_DemoApp.swift */; };
		FACC39582A501C7500DDE38D /* Assets.xcassets in Resources */ = {isa = PBXBuildFile; fileRef = FACC39512A501C7500DDE38D /* Assets.xcassets */; };
		FACC395A2A501C7500DDE38D /* Launch Screen.storyboard in Resources */ = {isa = PBXBuildFile; fileRef = FACC39542A501C7500DDE38D /* Launch Screen.storyboard */; };
		FACC39652A501CAC00DDE38D /* WithdrawManager.swift in Sources */ = {isa = PBXBuildFile; fileRef = FACC395D2A501CAC00DDE38D /* WithdrawManager.swift */; };
		FACC39662A501CAC00DDE38D /* TokenManager.swift in Sources */ = {isa = PBXBuildFile; fileRef = FACC395E2A501CAC00DDE38D /* TokenManager.swift */; };
		FACC39672A501CAC00DDE38D /* DepositManager.swift in Sources */ = {isa = PBXBuildFile; fileRef = FACC395F2A501CAC00DDE38D /* DepositManager.swift */; };
		FACC39682A501CAC00DDE38D /* BaseManager.swift in Sources */ = {isa = PBXBuildFile; fileRef = FACC39602A501CAC00DDE38D /* BaseManager.swift */; };
		FACC39692A501CAC00DDE38D /* PaymasterManager.swift in Sources */ = {isa = PBXBuildFile; fileRef = FACC39612A501CAC00DDE38D /* PaymasterManager.swift */; };
		FACC396A2A501CAC00DDE38D /* SmartContractManager.swift in Sources */ = {isa = PBXBuildFile; fileRef = FACC39622A501CAC00DDE38D /* SmartContractManager.swift */; };
		FACC396B2A501CAC00DDE38D /* SmartAccountManager.swift in Sources */ = {isa = PBXBuildFile; fileRef = FACC39632A501CAC00DDE38D /* SmartAccountManager.swift */; };
		FACC396C2A501CAC00DDE38D /* TransferManager.swift in Sources */ = {isa = PBXBuildFile; fileRef = FACC39642A501CAC00DDE38D /* TransferManager.swift */; };
		FADECD772A10F7F5004E419A /* ContentView.swift in Sources */ = {isa = PBXBuildFile; fileRef = FADECD762A10F7F5004E419A /* ContentView.swift */; };
/* End PBXBuildFile section */

/* Begin PBXFileReference section */
		6DB940447B8DD4B43A8076F6 /* Pods-zkSync-Demo.debug.xcconfig */ = {isa = PBXFileReference; includeInIndex = 1; lastKnownFileType = text.xcconfig; name = "Pods-zkSync-Demo.debug.xcconfig"; path = "Target Support Files/Pods-zkSync-Demo/Pods-zkSync-Demo.debug.xcconfig"; sourceTree = "<group>"; };
		733BCEFC1510DADA690FB969 /* Pods_zkSync_Demo.framework */ = {isa = PBXFileReference; explicitFileType = wrapper.framework; includeInIndex = 0; path = Pods_zkSync_Demo.framework; sourceTree = BUILT_PRODUCTS_DIR; };
		E5BD129B0F73644A440158C4 /* Pods-zkSync-Demo.release.xcconfig */ = {isa = PBXFileReference; includeInIndex = 1; lastKnownFileType = text.xcconfig; name = "Pods-zkSync-Demo.release.xcconfig"; path = "Target Support Files/Pods-zkSync-Demo/Pods-zkSync-Demo.release.xcconfig"; sourceTree = "<group>"; };
		FA7CBF062A110E3D005A7E58 /* ContentViewModel.swift */ = {isa = PBXFileReference; lastKnownFileType = sourcecode.swift; path = ContentViewModel.swift; sourceTree = "<group>"; };
		FA8FD8762A4F83D100D0EB17 /* Token.json */ = {isa = PBXFileReference; fileEncoding = 4; lastKnownFileType = text.json; path = Token.json; sourceTree = "<group>"; };
		FA8FD8772A4F83D100D0EB17 /* PaymasterFlow.json */ = {isa = PBXFileReference; fileEncoding = 4; lastKnownFileType = text.json; path = PaymasterFlow.json; sourceTree = "<group>"; };
		FA8FD8782A4F83D100D0EB17 /* Paymaster.json */ = {isa = PBXFileReference; fileEncoding = 4; lastKnownFileType = text.json; path = Paymaster.json; sourceTree = "<group>"; };
		FA8FD87A2A4F83D100D0EB17 /* IERC1271.json */ = {isa = PBXFileReference; fileEncoding = 4; lastKnownFileType = text.json; path = IERC1271.json; sourceTree = "<group>"; };
		FA8FD87B2A4F83D100D0EB17 /* IAllowList.json */ = {isa = PBXFileReference; fileEncoding = 4; lastKnownFileType = text.json; path = IAllowList.json; sourceTree = "<group>"; };
		FA8FD87C2A4F83D100D0EB17 /* update-abi.sh */ = {isa = PBXFileReference; fileEncoding = 4; lastKnownFileType = text.script.sh; path = "update-abi.sh"; sourceTree = "<group>"; };
		FA8FD87D2A4F83D100D0EB17 /* IL1Bridge.json */ = {isa = PBXFileReference; fileEncoding = 4; lastKnownFileType = text.json; path = IL1Bridge.json; sourceTree = "<group>"; };
		FA8FD87E2A4F83D100D0EB17 /* ContractDeployer.json */ = {isa = PBXFileReference; fileEncoding = 4; lastKnownFileType = text.json; path = ContractDeployer.json; sourceTree = "<group>"; };
		FA8FD87F2A4F83D100D0EB17 /* IEthToken.json */ = {isa = PBXFileReference; fileEncoding = 4; lastKnownFileType = text.json; path = IEthToken.json; sourceTree = "<group>"; };
		FA8FD8802A4F83D100D0EB17 /* IPaymasterFlow.json */ = {isa = PBXFileReference; fileEncoding = 4; lastKnownFileType = text.json; path = IPaymasterFlow.json; sourceTree = "<group>"; };
		FA8FD8812A4F83D100D0EB17 /* IZkSync.json */ = {isa = PBXFileReference; fileEncoding = 4; lastKnownFileType = text.json; path = IZkSync.json; sourceTree = "<group>"; };
		FA8FD8822A4F83D100D0EB17 /* IL1Messenger.json */ = {isa = PBXFileReference; fileEncoding = 4; lastKnownFileType = text.json; path = IL1Messenger.json; sourceTree = "<group>"; };
		FA8FD8832A4F83D100D0EB17 /* IL2Bridge.json */ = {isa = PBXFileReference; fileEncoding = 4; lastKnownFileType = text.json; path = IL2Bridge.json; sourceTree = "<group>"; };
		FA8FD8842A4F83D100D0EB17 /* IERC20.json */ = {isa = PBXFileReference; fileEncoding = 4; lastKnownFileType = text.json; path = IERC20.json; sourceTree = "<group>"; };
		FA8FD8852A4F83D100D0EB17 /* Storage.zbin */ = {isa = PBXFileReference; lastKnownFileType = file; path = Storage.zbin; sourceTree = "<group>"; };
		FA8FD8D42A4F94F400D0EB17 /* PrimaryButtonStyle.swift */ = {isa = PBXFileReference; fileEncoding = 4; lastKnownFileType = sourcecode.swift; path = PrimaryButtonStyle.swift; sourceTree = "<group>"; };
		FA8FD8D52A4F94F400D0EB17 /* SecondaryButtonStyle.swift */ = {isa = PBXFileReference; fileEncoding = 4; lastKnownFileType = sourcecode.swift; path = SecondaryButtonStyle.swift; sourceTree = "<group>"; };
		FA8FD8D62A4F94F400D0EB17 /* TertiaryButtonStyle.swift */ = {isa = PBXFileReference; fileEncoding = 4; lastKnownFileType = sourcecode.swift; path = TertiaryButtonStyle.swift; sourceTree = "<group>"; };
		FA8FD8D82A4F94F400D0EB17 /* ButtonSize.swift */ = {isa = PBXFileReference; fileEncoding = 4; lastKnownFileType = sourcecode.swift; path = ButtonSize.swift; sourceTree = "<group>"; };
		FA8FD8D92A4F94F400D0EB17 /* ButtonStyle.swift */ = {isa = PBXFileReference; fileEncoding = 4; lastKnownFileType = sourcecode.swift; path = ButtonStyle.swift; sourceTree = "<group>"; };
		FA8FD8DB2A4F94F400D0EB17 /* PrimaryButton.swift */ = {isa = PBXFileReference; fileEncoding = 4; lastKnownFileType = sourcecode.swift; path = PrimaryButton.swift; sourceTree = "<group>"; };
		FA8FD8DC2A4F94F400D0EB17 /* TertiaryButton.swift */ = {isa = PBXFileReference; fileEncoding = 4; lastKnownFileType = sourcecode.swift; path = TertiaryButton.swift; sourceTree = "<group>"; };
		FA8FD8DD2A4F94F400D0EB17 /* SecondaryButton.swift */ = {isa = PBXFileReference; fileEncoding = 4; lastKnownFileType = sourcecode.swift; path = SecondaryButton.swift; sourceTree = "<group>"; };
		FA8FD8DF2A4F94F400D0EB17 /* ButtonViewBuilder.swift */ = {isa = PBXFileReference; fileEncoding = 4; lastKnownFileType = sourcecode.swift; path = ButtonViewBuilder.swift; sourceTree = "<group>"; };
		FA8FD8E12A4F94F400D0EB17 /* ButtonViewModel.swift */ = {isa = PBXFileReference; fileEncoding = 4; lastKnownFileType = sourcecode.swift; path = ButtonViewModel.swift; sourceTree = "<group>"; };
		FA8FD8E32A4F94F400D0EB17 /* BaseSwiftUIView.swift */ = {isa = PBXFileReference; fileEncoding = 4; lastKnownFileType = sourcecode.swift; path = BaseSwiftUIView.swift; sourceTree = "<group>"; };
		FA8FD8FB2A4F986C00D0EB17 /* View+Ext.swift */ = {isa = PBXFileReference; fileEncoding = 4; lastKnownFileType = sourcecode.swift; path = "View+Ext.swift"; sourceTree = "<group>"; };
		FA8FD8FF2A4F9FC700D0EB17 /* LoadingView.swift */ = {isa = PBXFileReference; fileEncoding = 4; lastKnownFileType = sourcecode.swift; path = LoadingView.swift; sourceTree = "<group>"; };
		FA8FD9012A4FA08400D0EB17 /* UIControl+ActivityIndicatorView .swift */ = {isa = PBXFileReference; fileEncoding = 4; lastKnownFileType = sourcecode.swift; path = "UIControl+ActivityIndicatorView .swift"; sourceTree = "<group>"; };
		FAC997422A59FB340067AA49 /* zkSync2_swift.framework */ = {isa = PBXFileReference; explicitFileType = wrapper.framework; path = zkSync2_swift.framework; sourceTree = BUILT_PRODUCTS_DIR; };
		FAC997452A59FB9F0067AA49 /* zkSync2_swift.framework */ = {isa = PBXFileReference; explicitFileType = wrapper.framework; path = zkSync2_swift.framework; sourceTree = BUILT_PRODUCTS_DIR; };
		FACC394F2A501C7500DDE38D /* Colors.xcassets */ = {isa = PBXFileReference; lastKnownFileType = folder.assetcatalog; path = Colors.xcassets; sourceTree = "<group>"; };
		FACC39502A501C7500DDE38D /* zkSync_DemoApp.swift */ = {isa = PBXFileReference; fileEncoding = 4; lastKnownFileType = sourcecode.swift; path = zkSync_DemoApp.swift; sourceTree = "<group>"; };
		FACC39512A501C7500DDE38D /* Assets.xcassets */ = {isa = PBXFileReference; lastKnownFileType = folder.assetcatalog; path = Assets.xcassets; sourceTree = "<group>"; };
		FACC39542A501C7500DDE38D /* Launch Screen.storyboard */ = {isa = PBXFileReference; fileEncoding = 4; lastKnownFileType = file.storyboard; path = "Launch Screen.storyboard"; sourceTree = "<group>"; };
		FACC39552A501C7500DDE38D /* Info.plist */ = {isa = PBXFileReference; fileEncoding = 4; lastKnownFileType = text.plist.xml; path = Info.plist; sourceTree = "<group>"; };
		FACC395D2A501CAC00DDE38D /* WithdrawManager.swift */ = {isa = PBXFileReference; fileEncoding = 4; lastKnownFileType = sourcecode.swift; name = WithdrawManager.swift; path = "../../../../../zksync2-examples/swift/WithdrawManager.swift"; sourceTree = "<group>"; };
		FACC395E2A501CAC00DDE38D /* TokenManager.swift */ = {isa = PBXFileReference; fileEncoding = 4; lastKnownFileType = sourcecode.swift; name = TokenManager.swift; path = "../../../../../zksync2-examples/swift/TokenManager.swift"; sourceTree = "<group>"; };
		FACC395F2A501CAC00DDE38D /* DepositManager.swift */ = {isa = PBXFileReference; fileEncoding = 4; lastKnownFileType = sourcecode.swift; name = DepositManager.swift; path = "../../../../../zksync2-examples/swift/DepositManager.swift"; sourceTree = "<group>"; };
		FACC39602A501CAC00DDE38D /* BaseManager.swift */ = {isa = PBXFileReference; fileEncoding = 4; lastKnownFileType = sourcecode.swift; name = BaseManager.swift; path = "../../../../../zksync2-examples/swift/BaseManager.swift"; sourceTree = "<group>"; };
		FACC39612A501CAC00DDE38D /* PaymasterManager.swift */ = {isa = PBXFileReference; fileEncoding = 4; lastKnownFileType = sourcecode.swift; name = PaymasterManager.swift; path = "../../../../../zksync2-examples/swift/PaymasterManager.swift"; sourceTree = "<group>"; };
		FACC39622A501CAC00DDE38D /* SmartContractManager.swift */ = {isa = PBXFileReference; fileEncoding = 4; lastKnownFileType = sourcecode.swift; name = SmartContractManager.swift; path = "../../../../../zksync2-examples/swift/SmartContractManager.swift"; sourceTree = "<group>"; };
		FACC39632A501CAC00DDE38D /* SmartAccountManager.swift */ = {isa = PBXFileReference; fileEncoding = 4; lastKnownFileType = sourcecode.swift; name = SmartAccountManager.swift; path = "../../../../../zksync2-examples/swift/SmartAccountManager.swift"; sourceTree = "<group>"; };
		FACC39642A501CAC00DDE38D /* TransferManager.swift */ = {isa = PBXFileReference; fileEncoding = 4; lastKnownFileType = sourcecode.swift; name = TransferManager.swift; path = "../../../../../zksync2-examples/swift/TransferManager.swift"; sourceTree = "<group>"; };
		FACC3A292A557D5500DDE38D /* ZkSync2.framework */ = {isa = PBXFileReference; explicitFileType = wrapper.framework; path = ZkSync2.framework; sourceTree = BUILT_PRODUCTS_DIR; };
		FADECD712A10F7F5004E419A /* zkSync-Demo.app */ = {isa = PBXFileReference; explicitFileType = wrapper.application; includeInIndex = 0; path = "zkSync-Demo.app"; sourceTree = BUILT_PRODUCTS_DIR; };
		FADECD762A10F7F5004E419A /* ContentView.swift */ = {isa = PBXFileReference; lastKnownFileType = sourcecode.swift; path = ContentView.swift; sourceTree = "<group>"; };
/* End PBXFileReference section */

/* Begin PBXFrameworksBuildPhase section */
		FADECD6E2A10F7F5004E419A /* Frameworks */ = {
			isa = PBXFrameworksBuildPhase;
			buildActionMask = 2147483647;
			files = (
				8412AB908007CD12AD22A01D /* Pods_zkSync_Demo.framework in Frameworks */,
			);
			runOnlyForDeploymentPostprocessing = 0;
		};
/* End PBXFrameworksBuildPhase section */

/* Begin PBXGroup section */
		631A0F863415E3845F25905A /* Frameworks */ = {
			isa = PBXGroup;
			children = (
				FAC997452A59FB9F0067AA49 /* zkSync2_swift.framework */,
				FAC997422A59FB340067AA49 /* zkSync2_swift.framework */,
				FACC3A292A557D5500DDE38D /* ZkSync2.framework */,
				733BCEFC1510DADA690FB969 /* Pods_zkSync_Demo.framework */,
			);
			name = Frameworks;
			sourceTree = "<group>";
		};
		CA451245A78DDEBE8C842252 /* Pods */ = {
			isa = PBXGroup;
			children = (
				6DB940447B8DD4B43A8076F6 /* Pods-zkSync-Demo.debug.xcconfig */,
				E5BD129B0F73644A440158C4 /* Pods-zkSync-Demo.release.xcconfig */,
			);
			path = Pods;
			sourceTree = "<group>";
		};
		FA7CBF042A110E13005A7E58 /* ViewModel */ = {
			isa = PBXGroup;
			children = (
				FA7CBF062A110E3D005A7E58 /* ContentViewModel.swift */,
			);
			path = ViewModel;
			sourceTree = "<group>";
		};
		FA7CBF052A110E1A005A7E58 /* View */ = {
			isa = PBXGroup;
			children = (
				FADECD762A10F7F5004E419A /* ContentView.swift */,
			);
			path = View;
			sourceTree = "<group>";
		};
		FA7CBF082A1110D3005A7E58 /* Content */ = {
			isa = PBXGroup;
			children = (
				FA7CBF052A110E1A005A7E58 /* View */,
				FA7CBF042A110E13005A7E58 /* ViewModel */,
			);
			path = Content;
			sourceTree = "<group>";
		};
		FA7CBF092A1110E4005A7E58 /* Views */ = {
			isa = PBXGroup;
			children = (
				FA7CBF082A1110D3005A7E58 /* Content */,
			);
			path = Views;
			sourceTree = "<group>";
		};
		FA8FD8752A4F83D100D0EB17 /* Resources */ = {
			isa = PBXGroup;
			children = (
				FA8FD8762A4F83D100D0EB17 /* Token.json */,
				FA8FD8772A4F83D100D0EB17 /* PaymasterFlow.json */,
				FA8FD8782A4F83D100D0EB17 /* Paymaster.json */,
				FA8FD8792A4F83D100D0EB17 /* abi */,
				FA8FD8852A4F83D100D0EB17 /* Storage.zbin */,
			);
			name = Resources;
			path = "../../../../zksync2-examples/swift/Resources";
			sourceTree = "<group>";
		};
		FA8FD8792A4F83D100D0EB17 /* abi */ = {
			isa = PBXGroup;
			children = (
				FA8FD87A2A4F83D100D0EB17 /* IERC1271.json */,
				FA8FD87B2A4F83D100D0EB17 /* IAllowList.json */,
				FA8FD87C2A4F83D100D0EB17 /* update-abi.sh */,
				FA8FD87D2A4F83D100D0EB17 /* IL1Bridge.json */,
				FA8FD87E2A4F83D100D0EB17 /* ContractDeployer.json */,
				FA8FD87F2A4F83D100D0EB17 /* IEthToken.json */,
				FA8FD8802A4F83D100D0EB17 /* IPaymasterFlow.json */,
				FA8FD8812A4F83D100D0EB17 /* IZkSync.json */,
				FA8FD8822A4F83D100D0EB17 /* IL1Messenger.json */,
				FA8FD8832A4F83D100D0EB17 /* IL2Bridge.json */,
				FA8FD8842A4F83D100D0EB17 /* IERC20.json */,
			);
			path = abi;
			sourceTree = "<group>";
		};
		FA8FD8BD2A4F94F400D0EB17 /* Components */ = {
			isa = PBXGroup;
			children = (
				FA8FD8E22A4F94F400D0EB17 /* Base */,
				FA8FD8CD2A4F94F400D0EB17 /* Button */,
			);
			path = Components;
			sourceTree = "<group>";
		};
		FA8FD8CD2A4F94F400D0EB17 /* Button */ = {
			isa = PBXGroup;
			children = (
				FA8FD8DA2A4F94F400D0EB17 /* View */,
				FA8FD8E02A4F94F400D0EB17 /* View Model */,
				FA8FD8D72A4F94F400D0EB17 /* Model */,
				FA8FD8D32A4F94F400D0EB17 /* Style */,
				FA8FD8DE2A4F94F400D0EB17 /* View Builder */,
			);
			path = Button;
			sourceTree = "<group>";
		};
		FA8FD8D32A4F94F400D0EB17 /* Style */ = {
			isa = PBXGroup;
			children = (
				FA8FD8D42A4F94F400D0EB17 /* PrimaryButtonStyle.swift */,
				FA8FD8D52A4F94F400D0EB17 /* SecondaryButtonStyle.swift */,
				FA8FD8D62A4F94F400D0EB17 /* TertiaryButtonStyle.swift */,
			);
			path = Style;
			sourceTree = "<group>";
		};
		FA8FD8D72A4F94F400D0EB17 /* Model */ = {
			isa = PBXGroup;
			children = (
				FA8FD8D82A4F94F400D0EB17 /* ButtonSize.swift */,
				FA8FD8D92A4F94F400D0EB17 /* ButtonStyle.swift */,
			);
			path = Model;
			sourceTree = "<group>";
		};
		FA8FD8DA2A4F94F400D0EB17 /* View */ = {
			isa = PBXGroup;
			children = (
				FA8FD8DB2A4F94F400D0EB17 /* PrimaryButton.swift */,
				FA8FD8DC2A4F94F400D0EB17 /* TertiaryButton.swift */,
				FA8FD8DD2A4F94F400D0EB17 /* SecondaryButton.swift */,
			);
			path = View;
			sourceTree = "<group>";
		};
		FA8FD8DE2A4F94F400D0EB17 /* View Builder */ = {
			isa = PBXGroup;
			children = (
				FA8FD8DF2A4F94F400D0EB17 /* ButtonViewBuilder.swift */,
			);
			path = "View Builder";
			sourceTree = "<group>";
		};
		FA8FD8E02A4F94F400D0EB17 /* View Model */ = {
			isa = PBXGroup;
			children = (
				FA8FD8E12A4F94F400D0EB17 /* ButtonViewModel.swift */,
			);
			path = "View Model";
			sourceTree = "<group>";
		};
		FA8FD8E22A4F94F400D0EB17 /* Base */ = {
			isa = PBXGroup;
			children = (
				FA8FD8E32A4F94F400D0EB17 /* BaseSwiftUIView.swift */,
			);
			path = Base;
			sourceTree = "<group>";
		};
		FA8FD8FA2A4F985D00D0EB17 /* Extensions */ = {
			isa = PBXGroup;
			children = (
				FA8FD9012A4FA08400D0EB17 /* UIControl+ActivityIndicatorView .swift */,
				FA8FD8FB2A4F986C00D0EB17 /* View+Ext.swift */,
			);
			path = Extensions;
			sourceTree = "<group>";
		};
		FA8FD8FE2A4F9FC700D0EB17 /* Utils */ = {
			isa = PBXGroup;
			children = (
				FA8FD8FF2A4F9FC700D0EB17 /* LoadingView.swift */,
			);
			path = Utils;
			sourceTree = "<group>";
		};
		FACC394D2A501C7500DDE38D /* Demo */ = {
			isa = PBXGroup;
			children = (
				FACC394E2A501C7500DDE38D /* App */,
				FA7CBF092A1110E4005A7E58 /* Views */,
				FA8FD8BD2A4F94F400D0EB17 /* Components */,
				FA8FD8FE2A4F9FC700D0EB17 /* Utils */,
				FA8FD8FA2A4F985D00D0EB17 /* Extensions */,
			);
			path = Demo;
			sourceTree = "<group>";
		};
		FACC394E2A501C7500DDE38D /* App */ = {
			isa = PBXGroup;
			children = (
				FACC394F2A501C7500DDE38D /* Colors.xcassets */,
				FACC39512A501C7500DDE38D /* Assets.xcassets */,
				FACC39502A501C7500DDE38D /* zkSync_DemoApp.swift */,
				FACC39542A501C7500DDE38D /* Launch Screen.storyboard */,
				FACC39552A501C7500DDE38D /* Info.plist */,
			);
			path = App;
			sourceTree = "<group>";
		};
		FACC395C2A501C9200DDE38D /* Managers */ = {
			isa = PBXGroup;
			children = (
				FACC39602A501CAC00DDE38D /* BaseManager.swift */,
				FACC395F2A501CAC00DDE38D /* DepositManager.swift */,
				FACC39642A501CAC00DDE38D /* TransferManager.swift */,
				FACC395D2A501CAC00DDE38D /* WithdrawManager.swift */,
				FACC39622A501CAC00DDE38D /* SmartContractManager.swift */,
				FACC39632A501CAC00DDE38D /* SmartAccountManager.swift */,
				FACC395E2A501CAC00DDE38D /* TokenManager.swift */,
				FACC39612A501CAC00DDE38D /* PaymasterManager.swift */,
			);
			path = Managers;
			sourceTree = "<group>";
		};
		FADECD682A10F7F5004E419A = {
			isa = PBXGroup;
			children = (
				FADECD732A10F7F5004E419A /* zkSync-Demo */,
				FADECD722A10F7F5004E419A /* Products */,
				CA451245A78DDEBE8C842252 /* Pods */,
				631A0F863415E3845F25905A /* Frameworks */,
			);
			sourceTree = "<group>";
		};
		FADECD722A10F7F5004E419A /* Products */ = {
			isa = PBXGroup;
			children = (
				FADECD712A10F7F5004E419A /* zkSync-Demo.app */,
			);
			name = Products;
			sourceTree = "<group>";
		};
		FADECD732A10F7F5004E419A /* zkSync-Demo */ = {
			isa = PBXGroup;
			children = (
				FACC394D2A501C7500DDE38D /* Demo */,
				FACC395C2A501C9200DDE38D /* Managers */,
				FA8FD8752A4F83D100D0EB17 /* Resources */,
			);
			path = "zkSync-Demo";
			sourceTree = "<group>";
		};
/* End PBXGroup section */

/* Begin PBXNativeTarget section */
		FADECD702A10F7F5004E419A /* zkSync-Demo */ = {
			isa = PBXNativeTarget;
			buildConfigurationList = FADECD7F2A10F7F6004E419A /* Build configuration list for PBXNativeTarget "zkSync-Demo" */;
			buildPhases = (
				1C9284862F3FA7C2719DF954 /* [CP] Check Pods Manifest.lock */,
				FADECD6D2A10F7F5004E419A /* Sources */,
				FADECD6E2A10F7F5004E419A /* Frameworks */,
				FADECD6F2A10F7F5004E419A /* Resources */,
				EE85483595BF1AE962A5B789 /* [CP] Embed Pods Frameworks */,
			);
			buildRules = (
			);
			dependencies = (
			);
			name = "zkSync-Demo";
			productName = "zkSync-Demo";
			productReference = FADECD712A10F7F5004E419A /* zkSync-Demo.app */;
			productType = "com.apple.product-type.application";
		};
/* End PBXNativeTarget section */

/* Begin PBXProject section */
		FADECD692A10F7F5004E419A /* Project object */ = {
			isa = PBXProject;
			attributes = {
				BuildIndependentTargetsInParallel = 1;
				LastSwiftUpdateCheck = 1420;
				LastUpgradeCheck = 1420;
				TargetAttributes = {
					FADECD702A10F7F5004E419A = {
						CreatedOnToolsVersion = 14.2;
					};
				};
			};
			buildConfigurationList = FADECD6C2A10F7F5004E419A /* Build configuration list for PBXProject "zkSync-Demo" */;
			compatibilityVersion = "Xcode 14.0";
			developmentRegion = en;
			hasScannedForEncodings = 0;
			knownRegions = (
				en,
				Base,
			);
			mainGroup = FADECD682A10F7F5004E419A;
			productRefGroup = FADECD722A10F7F5004E419A /* Products */;
			projectDirPath = "";
			projectRoot = "";
			targets = (
				FADECD702A10F7F5004E419A /* zkSync-Demo */,
			);
		};
/* End PBXProject section */

/* Begin PBXResourcesBuildPhase section */
		FADECD6F2A10F7F5004E419A /* Resources */ = {
			isa = PBXResourcesBuildPhase;
			buildActionMask = 2147483647;
			files = (
				FA8FD8872A4F83D100D0EB17 /* PaymasterFlow.json in Resources */,
				FA8FD88E2A4F83D100D0EB17 /* IEthToken.json in Resources */,
				FA8FD8912A4F83D100D0EB17 /* IL1Messenger.json in Resources */,
				FA8FD8862A4F83D100D0EB17 /* Token.json in Resources */,
				FA8FD88B2A4F83D100D0EB17 /* update-abi.sh in Resources */,
				FA8FD88D2A4F83D100D0EB17 /* ContractDeployer.json in Resources */,
				FACC39582A501C7500DDE38D /* Assets.xcassets in Resources */,
				FA8FD8942A4F83D100D0EB17 /* Storage.zbin in Resources */,
				FACC395A2A501C7500DDE38D /* Launch Screen.storyboard in Resources */,
				FA8FD8902A4F83D100D0EB17 /* IZkSync.json in Resources */,
				FA8FD88A2A4F83D100D0EB17 /* IAllowList.json in Resources */,
				FA8FD8932A4F83D100D0EB17 /* IERC20.json in Resources */,
				FA8FD8922A4F83D100D0EB17 /* IL2Bridge.json in Resources */,
				FA8FD88C2A4F83D100D0EB17 /* IL1Bridge.json in Resources */,
				FA8FD8892A4F83D100D0EB17 /* IERC1271.json in Resources */,
				FACC39562A501C7500DDE38D /* Colors.xcassets in Resources */,
				FA8FD88F2A4F83D100D0EB17 /* IPaymasterFlow.json in Resources */,
				FA8FD8882A4F83D100D0EB17 /* Paymaster.json in Resources */,
			);
			runOnlyForDeploymentPostprocessing = 0;
		};
/* End PBXResourcesBuildPhase section */

/* Begin PBXShellScriptBuildPhase section */
		1C9284862F3FA7C2719DF954 /* [CP] Check Pods Manifest.lock */ = {
			isa = PBXShellScriptBuildPhase;
			buildActionMask = 2147483647;
			files = (
			);
			inputFileListPaths = (
			);
			inputPaths = (
				"${PODS_PODFILE_DIR_PATH}/Podfile.lock",
				"${PODS_ROOT}/Manifest.lock",
			);
			name = "[CP] Check Pods Manifest.lock";
			outputFileListPaths = (
			);
			outputPaths = (
				"$(DERIVED_FILE_DIR)/Pods-zkSync-Demo-checkManifestLockResult.txt",
			);
			runOnlyForDeploymentPostprocessing = 0;
			shellPath = /bin/sh;
			shellScript = "diff \"${PODS_PODFILE_DIR_PATH}/Podfile.lock\" \"${PODS_ROOT}/Manifest.lock\" > /dev/null\nif [ $? != 0 ] ; then\n    # print error to STDERR\n    echo \"error: The sandbox is not in sync with the Podfile.lock. Run 'pod install' or update your CocoaPods installation.\" >&2\n    exit 1\nfi\n# This output is used by Xcode 'outputs' to avoid re-running this script phase.\necho \"SUCCESS\" > \"${SCRIPT_OUTPUT_FILE_0}\"\n";
			showEnvVarsInLog = 0;
		};
		EE85483595BF1AE962A5B789 /* [CP] Embed Pods Frameworks */ = {
			isa = PBXShellScriptBuildPhase;
			buildActionMask = 2147483647;
			files = (
			);
			inputFileListPaths = (
				"${PODS_ROOT}/Target Support Files/Pods-zkSync-Demo/Pods-zkSync-Demo-frameworks-${CONFIGURATION}-input-files.xcfilelist",
			);
			name = "[CP] Embed Pods Frameworks";
			outputFileListPaths = (
				"${PODS_ROOT}/Target Support Files/Pods-zkSync-Demo/Pods-zkSync-Demo-frameworks-${CONFIGURATION}-output-files.xcfilelist",
			);
			runOnlyForDeploymentPostprocessing = 0;
			shellPath = /bin/sh;
			shellScript = "\"${PODS_ROOT}/Target Support Files/Pods-zkSync-Demo/Pods-zkSync-Demo-frameworks.sh\"\n";
			showEnvVarsInLog = 0;
		};
/* End PBXShellScriptBuildPhase section */

/* Begin PBXSourcesBuildPhase section */
		FADECD6D2A10F7F5004E419A /* Sources */ = {
			isa = PBXSourcesBuildPhase;
			buildActionMask = 2147483647;
			files = (
				FA8FD8F22A4F94F400D0EB17 /* ButtonSize.swift in Sources */,
				FACC39672A501CAC00DDE38D /* DepositManager.swift in Sources */,
				FA8FD8F72A4F94F400D0EB17 /* ButtonViewBuilder.swift in Sources */,
				FA8FD8F62A4F94F400D0EB17 /* SecondaryButton.swift in Sources */,
				FACC39682A501CAC00DDE38D /* BaseManager.swift in Sources */,
				FA8FD8FC2A4F986C00D0EB17 /* View+Ext.swift in Sources */,
				FA8FD8F42A4F94F400D0EB17 /* PrimaryButton.swift in Sources */,
				FA7CBF072A110E3D005A7E58 /* ContentViewModel.swift in Sources */,
				FACC39662A501CAC00DDE38D /* TokenManager.swift in Sources */,
				FADECD772A10F7F5004E419A /* ContentView.swift in Sources */,
				FACC396A2A501CAC00DDE38D /* SmartContractManager.swift in Sources */,
				FA8FD8F52A4F94F400D0EB17 /* TertiaryButton.swift in Sources */,
				FA8FD8F12A4F94F400D0EB17 /* TertiaryButtonStyle.swift in Sources */,
				FACC39572A501C7500DDE38D /* zkSync_DemoApp.swift in Sources */,
				FA8FD8F92A4F94F400D0EB17 /* BaseSwiftUIView.swift in Sources */,
				FA8FD8F82A4F94F400D0EB17 /* ButtonViewModel.swift in Sources */,
				FACC396B2A501CAC00DDE38D /* SmartAccountManager.swift in Sources */,
				FA8FD9002A4F9FC700D0EB17 /* LoadingView.swift in Sources */,
				FA8FD8EF2A4F94F400D0EB17 /* PrimaryButtonStyle.swift in Sources */,
				FACC396C2A501CAC00DDE38D /* TransferManager.swift in Sources */,
				FACC39692A501CAC00DDE38D /* PaymasterManager.swift in Sources */,
				FACC39652A501CAC00DDE38D /* WithdrawManager.swift in Sources */,
				FA8FD9022A4FA08400D0EB17 /* UIControl+ActivityIndicatorView .swift in Sources */,
				FA8FD8F02A4F94F400D0EB17 /* SecondaryButtonStyle.swift in Sources */,
				FA8FD8F32A4F94F400D0EB17 /* ButtonStyle.swift in Sources */,
			);
			runOnlyForDeploymentPostprocessing = 0;
		};
/* End PBXSourcesBuildPhase section */

/* Begin XCBuildConfiguration section */
		FADECD7D2A10F7F6004E419A /* Debug */ = {
			isa = XCBuildConfiguration;
			buildSettings = {
				ALWAYS_SEARCH_USER_PATHS = NO;
				CLANG_ANALYZER_NONNULL = YES;
				CLANG_ANALYZER_NUMBER_OBJECT_CONVERSION = YES_AGGRESSIVE;
				CLANG_CXX_LANGUAGE_STANDARD = "gnu++20";
				CLANG_ENABLE_MODULES = YES;
				CLANG_ENABLE_OBJC_ARC = YES;
				CLANG_ENABLE_OBJC_WEAK = YES;
				CLANG_WARN_BLOCK_CAPTURE_AUTORELEASING = YES;
				CLANG_WARN_BOOL_CONVERSION = YES;
				CLANG_WARN_COMMA = YES;
				CLANG_WARN_CONSTANT_CONVERSION = YES;
				CLANG_WARN_DEPRECATED_OBJC_IMPLEMENTATIONS = YES;
				CLANG_WARN_DIRECT_OBJC_ISA_USAGE = YES_ERROR;
				CLANG_WARN_DOCUMENTATION_COMMENTS = YES;
				CLANG_WARN_EMPTY_BODY = YES;
				CLANG_WARN_ENUM_CONVERSION = YES;
				CLANG_WARN_INFINITE_RECURSION = YES;
				CLANG_WARN_INT_CONVERSION = YES;
				CLANG_WARN_NON_LITERAL_NULL_CONVERSION = YES;
				CLANG_WARN_OBJC_IMPLICIT_RETAIN_SELF = YES;
				CLANG_WARN_OBJC_LITERAL_CONVERSION = YES;
				CLANG_WARN_OBJC_ROOT_CLASS = YES_ERROR;
				CLANG_WARN_QUOTED_INCLUDE_IN_FRAMEWORK_HEADER = YES;
				CLANG_WARN_RANGE_LOOP_ANALYSIS = YES;
				CLANG_WARN_STRICT_PROTOTYPES = YES;
				CLANG_WARN_SUSPICIOUS_MOVE = YES;
				CLANG_WARN_UNGUARDED_AVAILABILITY = YES_AGGRESSIVE;
				CLANG_WARN_UNREACHABLE_CODE = YES;
				CLANG_WARN__DUPLICATE_METHOD_MATCH = YES;
				COPY_PHASE_STRIP = NO;
				DEBUG_INFORMATION_FORMAT = dwarf;
				ENABLE_STRICT_OBJC_MSGSEND = YES;
				ENABLE_TESTABILITY = YES;
				GCC_C_LANGUAGE_STANDARD = gnu11;
				GCC_DYNAMIC_NO_PIC = NO;
				GCC_NO_COMMON_BLOCKS = YES;
				GCC_OPTIMIZATION_LEVEL = 0;
				GCC_PREPROCESSOR_DEFINITIONS = (
					"DEBUG=1",
					"$(inherited)",
				);
				GCC_WARN_64_TO_32_BIT_CONVERSION = YES;
				GCC_WARN_ABOUT_RETURN_TYPE = YES_ERROR;
				GCC_WARN_UNDECLARED_SELECTOR = YES;
				GCC_WARN_UNINITIALIZED_AUTOS = YES_AGGRESSIVE;
				GCC_WARN_UNUSED_FUNCTION = YES;
				GCC_WARN_UNUSED_VARIABLE = YES;
				IPHONEOS_DEPLOYMENT_TARGET = 16.2;
				MTL_ENABLE_DEBUG_INFO = INCLUDE_SOURCE;
				MTL_FAST_MATH = YES;
				ONLY_ACTIVE_ARCH = YES;
				SDKROOT = iphoneos;
				SWIFT_ACTIVE_COMPILATION_CONDITIONS = DEBUG;
				SWIFT_OPTIMIZATION_LEVEL = "-Onone";
			};
			name = Debug;
		};
		FADECD7E2A10F7F6004E419A /* Release */ = {
			isa = XCBuildConfiguration;
			buildSettings = {
				ALWAYS_SEARCH_USER_PATHS = NO;
				CLANG_ANALYZER_NONNULL = YES;
				CLANG_ANALYZER_NUMBER_OBJECT_CONVERSION = YES_AGGRESSIVE;
				CLANG_CXX_LANGUAGE_STANDARD = "gnu++20";
				CLANG_ENABLE_MODULES = YES;
				CLANG_ENABLE_OBJC_ARC = YES;
				CLANG_ENABLE_OBJC_WEAK = YES;
				CLANG_WARN_BLOCK_CAPTURE_AUTORELEASING = YES;
				CLANG_WARN_BOOL_CONVERSION = YES;
				CLANG_WARN_COMMA = YES;
				CLANG_WARN_CONSTANT_CONVERSION = YES;
				CLANG_WARN_DEPRECATED_OBJC_IMPLEMENTATIONS = YES;
				CLANG_WARN_DIRECT_OBJC_ISA_USAGE = YES_ERROR;
				CLANG_WARN_DOCUMENTATION_COMMENTS = YES;
				CLANG_WARN_EMPTY_BODY = YES;
				CLANG_WARN_ENUM_CONVERSION = YES;
				CLANG_WARN_INFINITE_RECURSION = YES;
				CLANG_WARN_INT_CONVERSION = YES;
				CLANG_WARN_NON_LITERAL_NULL_CONVERSION = YES;
				CLANG_WARN_OBJC_IMPLICIT_RETAIN_SELF = YES;
				CLANG_WARN_OBJC_LITERAL_CONVERSION = YES;
				CLANG_WARN_OBJC_ROOT_CLASS = YES_ERROR;
				CLANG_WARN_QUOTED_INCLUDE_IN_FRAMEWORK_HEADER = YES;
				CLANG_WARN_RANGE_LOOP_ANALYSIS = YES;
				CLANG_WARN_STRICT_PROTOTYPES = YES;
				CLANG_WARN_SUSPICIOUS_MOVE = YES;
				CLANG_WARN_UNGUARDED_AVAILABILITY = YES_AGGRESSIVE;
				CLANG_WARN_UNREACHABLE_CODE = YES;
				CLANG_WARN__DUPLICATE_METHOD_MATCH = YES;
				COPY_PHASE_STRIP = NO;
				DEBUG_INFORMATION_FORMAT = "dwarf-with-dsym";
				ENABLE_NS_ASSERTIONS = NO;
				ENABLE_STRICT_OBJC_MSGSEND = YES;
				GCC_C_LANGUAGE_STANDARD = gnu11;
				GCC_NO_COMMON_BLOCKS = YES;
				GCC_WARN_64_TO_32_BIT_CONVERSION = YES;
				GCC_WARN_ABOUT_RETURN_TYPE = YES_ERROR;
				GCC_WARN_UNDECLARED_SELECTOR = YES;
				GCC_WARN_UNINITIALIZED_AUTOS = YES_AGGRESSIVE;
				GCC_WARN_UNUSED_FUNCTION = YES;
				GCC_WARN_UNUSED_VARIABLE = YES;
				IPHONEOS_DEPLOYMENT_TARGET = 16.2;
				MTL_ENABLE_DEBUG_INFO = NO;
				MTL_FAST_MATH = YES;
				SDKROOT = iphoneos;
				SWIFT_COMPILATION_MODE = wholemodule;
				SWIFT_OPTIMIZATION_LEVEL = "-O";
				VALIDATE_PRODUCT = YES;
			};
			name = Release;
		};
		FADECD802A10F7F6004E419A /* Debug */ = {
			isa = XCBuildConfiguration;
			baseConfigurationReference = 6DB940447B8DD4B43A8076F6 /* Pods-zkSync-Demo.debug.xcconfig */;
			buildSettings = {
				ASSETCATALOG_COMPILER_APPICON_NAME = AppIcon;
				ASSETCATALOG_COMPILER_GLOBAL_ACCENT_COLOR_NAME = AccentColor;
				CODE_SIGN_STYLE = Automatic;
				CURRENT_PROJECT_VERSION = 1;
				DEVELOPMENT_ASSET_PATHS = "";
				ENABLE_PREVIEWS = YES;
				GENERATE_INFOPLIST_FILE = YES;
				INFOPLIST_FILE = "zkSync-Demo/Demo/App/info.plist";
				INFOPLIST_KEY_UIApplicationSceneManifest_Generation = YES;
				INFOPLIST_KEY_UIApplicationSupportsIndirectInputEvents = YES;
				INFOPLIST_KEY_UILaunchScreen_Generation = YES;
				INFOPLIST_KEY_UILaunchStoryboardName = "Launch Screen.storyboard";
				INFOPLIST_KEY_UISupportedInterfaceOrientations = UIInterfaceOrientationPortrait;
				IPHONEOS_DEPLOYMENT_TARGET = 15.0;
				LD_RUNPATH_SEARCH_PATHS = (
					"$(inherited)",
					"@executable_path/Frameworks",
				);
				MARKETING_VERSION = 1.0;
				PRODUCT_BUNDLE_IDENTIFIER = "zksync-sdk.zkSync-Demo";
				PRODUCT_NAME = "$(TARGET_NAME)";
				SWIFT_EMIT_LOC_STRINGS = YES;
				SWIFT_VERSION = 5.0;
				TARGETED_DEVICE_FAMILY = "1,2";
			};
			name = Debug;
		};
		FADECD812A10F7F6004E419A /* Release */ = {
			isa = XCBuildConfiguration;
			baseConfigurationReference = E5BD129B0F73644A440158C4 /* Pods-zkSync-Demo.release.xcconfig */;
			buildSettings = {
				ASSETCATALOG_COMPILER_APPICON_NAME = AppIcon;
				ASSETCATALOG_COMPILER_GLOBAL_ACCENT_COLOR_NAME = AccentColor;
				CODE_SIGN_STYLE = Automatic;
				CURRENT_PROJECT_VERSION = 1;
				DEVELOPMENT_ASSET_PATHS = "";
				ENABLE_PREVIEWS = YES;
				GENERATE_INFOPLIST_FILE = YES;
				INFOPLIST_FILE = "zkSync-Demo/Demo/App/info.plist";
				INFOPLIST_KEY_UIApplicationSceneManifest_Generation = YES;
				INFOPLIST_KEY_UIApplicationSupportsIndirectInputEvents = YES;
				INFOPLIST_KEY_UILaunchScreen_Generation = YES;
				INFOPLIST_KEY_UILaunchStoryboardName = "Launch Screen.storyboard";
				INFOPLIST_KEY_UISupportedInterfaceOrientations = UIInterfaceOrientationPortrait;
				IPHONEOS_DEPLOYMENT_TARGET = 15.0;
				LD_RUNPATH_SEARCH_PATHS = (
					"$(inherited)",
					"@executable_path/Frameworks",
				);
				MARKETING_VERSION = 1.0;
				PRODUCT_BUNDLE_IDENTIFIER = "zksync-sdk.zkSync-Demo";
				PRODUCT_NAME = "$(TARGET_NAME)";
				SWIFT_EMIT_LOC_STRINGS = YES;
				SWIFT_VERSION = 5.0;
				TARGETED_DEVICE_FAMILY = "1,2";
			};
			name = Release;
		};
/* End XCBuildConfiguration section */

/* Begin XCConfigurationList section */
		FADECD6C2A10F7F5004E419A /* Build configuration list for PBXProject "zkSync-Demo" */ = {
			isa = XCConfigurationList;
			buildConfigurations = (
				FADECD7D2A10F7F6004E419A /* Debug */,
				FADECD7E2A10F7F6004E419A /* Release */,
			);
			defaultConfigurationIsVisible = 0;
			defaultConfigurationName = Release;
		};
		FADECD7F2A10F7F6004E419A /* Build configuration list for PBXNativeTarget "zkSync-Demo" */ = {
			isa = XCConfigurationList;
			buildConfigurations = (
				FADECD802A10F7F6004E419A /* Debug */,
				FADECD812A10F7F6004E419A /* Release */,
			);
			defaultConfigurationIsVisible = 0;
			defaultConfigurationName = Release;
		};
/* End XCConfigurationList section */
	};
	rootObject = FADECD692A10F7F5004E419A /* Project object */;
}
