// !$*UTF8*$!
{
	archiveVersion = 1;
	classes = {
	};
	objectVersion = 56;
	objects = {

/* Begin PBXBuildFile section */
		8412AB908007CD12AD22A01D /* Pods_zkSync_Demo.framework in Frameworks */ = {isa = PBXBuildFile; fileRef = 733BCEFC1510DADA690FB969 /* Pods_zkSync_Demo.framework */; };
		FA7CBECD2A10F9EC005A7E58 /* Fee.swift in Sources */ = {isa = PBXBuildFile; fileRef = FA7CBE892A10F9EC005A7E58 /* Fee.swift */; };
		FA7CBECE2A10F9EC005A7E58 /* DefaultTransactionFeeProvider.swift in Sources */ = {isa = PBXBuildFile; fileRef = FA7CBE8A2A10F9EC005A7E58 /* DefaultTransactionFeeProvider.swift */; };
		FA7CBECF2A10F9EC005A7E58 /* ZkTransactionFeeProvider.swift in Sources */ = {isa = PBXBuildFile; fileRef = FA7CBE8B2A10F9EC005A7E58 /* ZkTransactionFeeProvider.swift */; };
		FA7CBED02A10F9EC005A7E58 /* EthereumTransaction+EIP712.swift in Sources */ = {isa = PBXBuildFile; fileRef = FA7CBE8D2A10F9EC005A7E58 /* EthereumTransaction+EIP712.swift */; };
		FA7CBED12A10F9EC005A7E58 /* ERC20.swift in Sources */ = {isa = PBXBuildFile; fileRef = FA7CBE8F2A10F9EC005A7E58 /* ERC20.swift */; };
		FA7CBED22A10F9EC005A7E58 /* IZkSync.swift in Sources */ = {isa = PBXBuildFile; fileRef = FA7CBE902A10F9EC005A7E58 /* IZkSync.swift */; };
		FA7CBED32A10F9EC005A7E58 /* IL1Bridge.swift in Sources */ = {isa = PBXBuildFile; fileRef = FA7CBE912A10F9EC005A7E58 /* IL1Bridge.swift */; };
		FA7CBED42A10F9EC005A7E58 /* IL2Bridge.swift in Sources */ = {isa = PBXBuildFile; fileRef = FA7CBE922A10F9EC005A7E58 /* IL2Bridge.swift */; };
		FA7CBED52A10F9EC005A7E58 /* NonceHolder.swift in Sources */ = {isa = PBXBuildFile; fileRef = FA7CBE932A10F9EC005A7E58 /* NonceHolder.swift */; };
		FA7CBED62A10F9EC005A7E58 /* PrivateKeyEthSigner.swift in Sources */ = {isa = PBXBuildFile; fileRef = FA7CBE962A10F9EC005A7E58 /* PrivateKeyEthSigner.swift */; };
		FA7CBED72A10F9EC005A7E58 /* EthSigner.swift in Sources */ = {isa = PBXBuildFile; fileRef = FA7CBE972A10F9EC005A7E58 /* EthSigner.swift */; };
		FA7CBED82A10F9EC005A7E58 /* EIP712Encoder.swift in Sources */ = {isa = PBXBuildFile; fileRef = FA7CBE992A10F9EC005A7E58 /* EIP712Encoder.swift */; };
		FA7CBED92A10F9EC005A7E58 /* Structurable.swift in Sources */ = {isa = PBXBuildFile; fileRef = FA7CBE9A2A10F9EC005A7E58 /* Structurable.swift */; };
		FA7CBEDA2A10F9EC005A7E58 /* EIP712Domain.swift in Sources */ = {isa = PBXBuildFile; fileRef = FA7CBE9B2A10F9EC005A7E58 /* EIP712Domain.swift */; };
		FA7CBEDB2A10F9EC005A7E58 /* Log.swift in Sources */ = {isa = PBXBuildFile; fileRef = FA7CBE9E2A10F9EC005A7E58 /* Log.swift */; };
		FA7CBEDC2A10F9EC005A7E58 /* JRPCResponse.swift in Sources */ = {isa = PBXBuildFile; fileRef = FA7CBE9F2A10F9EC005A7E58 /* JRPCResponse.swift */; };
		FA7CBEDD2A10F9EC005A7E58 /* TransactionResponse.swift in Sources */ = {isa = PBXBuildFile; fileRef = FA7CBEA02A10F9EC005A7E58 /* TransactionResponse.swift */; };
		FA7CBEDE2A10F9EC005A7E58 /* L2ToL1Log.swift in Sources */ = {isa = PBXBuildFile; fileRef = FA7CBEA12A10F9EC005A7E58 /* L2ToL1Log.swift */; };
		FA7CBEDF2A10F9EC005A7E58 /* Block.swift in Sources */ = {isa = PBXBuildFile; fileRef = FA7CBEA22A10F9EC005A7E58 /* Block.swift */; };
		FA7CBEE02A10F9EC005A7E58 /* L2ToL1MessageProof.swift in Sources */ = {isa = PBXBuildFile; fileRef = FA7CBEA32A10F9EC005A7E58 /* L2ToL1MessageProof.swift */; };
		FA7CBEE12A10F9EC005A7E58 /* TransactionDetails.swift in Sources */ = {isa = PBXBuildFile; fileRef = FA7CBEA42A10F9EC005A7E58 /* TransactionDetails.swift */; };
		FA7CBEE22A10F9EC005A7E58 /* BridgeAddresses.swift in Sources */ = {isa = PBXBuildFile; fileRef = FA7CBEA52A10F9EC005A7E58 /* BridgeAddresses.swift */; };
		FA7CBEE32A10F9EC005A7E58 /* BlockDetails.swift in Sources */ = {isa = PBXBuildFile; fileRef = FA7CBEA62A10F9EC005A7E58 /* BlockDetails.swift */; };
		FA7CBEE42A10F9EC005A7E58 /* JRPCError.swift in Sources */ = {isa = PBXBuildFile; fileRef = FA7CBEA72A10F9EC005A7E58 /* JRPCError.swift */; };
		FA7CBEE52A10F9EC005A7E58 /* TransactionStatus.swift in Sources */ = {isa = PBXBuildFile; fileRef = FA7CBEA82A10F9EC005A7E58 /* TransactionStatus.swift */; };
		FA7CBEE62A10F9EC005A7E58 /* JRPCRequest.swift in Sources */ = {isa = PBXBuildFile; fileRef = FA7CBEAA2A10F9EC005A7E58 /* JRPCRequest.swift */; };
		FA7CBEE72A10F9EC005A7E58 /* JRPCCounter.swift in Sources */ = {isa = PBXBuildFile; fileRef = FA7CBEAB2A10F9EC005A7E58 /* JRPCCounter.swift */; };
		FA7CBEE82A10F9EC005A7E58 /* HTTPTransport.swift in Sources */ = {isa = PBXBuildFile; fileRef = FA7CBEAD2A10F9EC005A7E58 /* HTTPTransport.swift */; };
		FA7CBEE92A10F9EC005A7E58 /* ContractDeployer.swift in Sources */ = {isa = PBXBuildFile; fileRef = FA7CBEAF2A10F9EC005A7E58 /* ContractDeployer.swift */; };
		FA7CBEEA2A10F9EC005A7E58 /* ZkSyncABI.swift in Sources */ = {isa = PBXBuildFile; fileRef = FA7CBEB02A10F9EC005A7E58 /* ZkSyncABI.swift */; };
		FA7CBEEB2A10F9EC005A7E58 /* ContractUtils.swift in Sources */ = {isa = PBXBuildFile; fileRef = FA7CBEB12A10F9EC005A7E58 /* ContractUtils.swift */; };
		FA7CBEEC2A10F9EC005A7E58 /* ZkSyncAddresses.swift in Sources */ = {isa = PBXBuildFile; fileRef = FA7CBEB22A10F9EC005A7E58 /* ZkSyncAddresses.swift */; };
		FA7CBEED2A10F9EC005A7E58 /* Paymaster.swift in Sources */ = {isa = PBXBuildFile; fileRef = FA7CBEB32A10F9EC005A7E58 /* Paymaster.swift */; };
		FA7CBEEE2A10F9EC005A7E58 /* TokenId.swift in Sources */ = {isa = PBXBuildFile; fileRef = FA7CBEB62A10F9EC005A7E58 /* TokenId.swift */; };
		FA7CBEEF2A10F9EC005A7E58 /* ZkSyncNetwork.swift in Sources */ = {isa = PBXBuildFile; fileRef = FA7CBEB72A10F9EC005A7E58 /* ZkSyncNetwork.swift */; };
		FA7CBEF02A10F9EC005A7E58 /* ZkBlockParameterName.swift in Sources */ = {isa = PBXBuildFile; fileRef = FA7CBEB82A10F9EC005A7E58 /* ZkBlockParameterName.swift */; };
		FA7CBEF12A10F9EC005A7E58 /* Token.swift in Sources */ = {isa = PBXBuildFile; fileRef = FA7CBEB92A10F9EC005A7E58 /* Token.swift */; };
		FA7CBEF22A10F9EC005A7E58 /* JsonRpc2_0ZkSync.swift in Sources */ = {isa = PBXBuildFile; fileRef = FA7CBEBA2A10F9EC005A7E58 /* JsonRpc2_0ZkSync.swift */; };
		FA7CBEF32A10F9EC005A7E58 /* EthereumProvider.swift in Sources */ = {isa = PBXBuildFile; fileRef = FA7CBEBC2A10F9EC005A7E58 /* EthereumProvider.swift */; };
		FA7CBEF42A10F9EC005A7E58 /* DefaultEthereumProvider.swift in Sources */ = {isa = PBXBuildFile; fileRef = FA7CBEBD2A10F9EC005A7E58 /* DefaultEthereumProvider.swift */; };
		FA7CBEF52A10F9EC005A7E58 /* ContractGasProvider.swift in Sources */ = {isa = PBXBuildFile; fileRef = FA7CBEBE2A10F9EC005A7E58 /* ContractGasProvider.swift */; };
		FA7CBEF62A10F9EC005A7E58 /* ZkSync.swift in Sources */ = {isa = PBXBuildFile; fileRef = FA7CBEBF2A10F9EC005A7E58 /* ZkSync.swift */; };
		FA7CBEF72A10F9EC005A7E58 /* Data.swift in Sources */ = {isa = PBXBuildFile; fileRef = FA7CBEC12A10F9EC005A7E58 /* Data.swift */; };
		FA7CBEF82A10F9EC005A7E58 /* Web3Eth.swift in Sources */ = {isa = PBXBuildFile; fileRef = FA7CBEC22A10F9EC005A7E58 /* Web3Eth.swift */; };
		FA7CBEF92A10F9EC005A7E58 /* JsonRpc2_0ZkSync+Promise.swift in Sources */ = {isa = PBXBuildFile; fileRef = FA7CBEC32A10F9EC005A7E58 /* JsonRpc2_0ZkSync+Promise.swift */; };
		FA7CBEFA2A10F9EC005A7E58 /* EthereumKeystoreV3.swift in Sources */ = {isa = PBXBuildFile; fileRef = FA7CBEC42A10F9EC005A7E58 /* EthereumKeystoreV3.swift */; };
		FA7CBEFB2A10F9EC005A7E58 /* EthereumAddress.swift in Sources */ = {isa = PBXBuildFile; fileRef = FA7CBEC52A10F9EC005A7E58 /* EthereumAddress.swift */; };
		FA7CBEFC2A10F9EC005A7E58 /* BigUInt.swift in Sources */ = {isa = PBXBuildFile; fileRef = FA7CBEC62A10F9EC005A7E58 /* BigUInt.swift */; };
		FA7CBEFD2A10F9EC005A7E58 /* String.swift in Sources */ = {isa = PBXBuildFile; fileRef = FA7CBEC72A10F9EC005A7E58 /* String.swift */; };
		FA7CBEFE2A10F9EC005A7E58 /* DateFormatter.swift in Sources */ = {isa = PBXBuildFile; fileRef = FA7CBEC82A10F9EC005A7E58 /* DateFormatter.swift */; };
		FA7CBEFF2A10F9EC005A7E58 /* Numeric.swift in Sources */ = {isa = PBXBuildFile; fileRef = FA7CBEC92A10F9EC005A7E58 /* Numeric.swift */; };
		FA7CBF002A10F9EC005A7E58 /* PromiseKit.swift in Sources */ = {isa = PBXBuildFile; fileRef = FA7CBECA2A10F9EC005A7E58 /* PromiseKit.swift */; };
		FA7CBF012A10F9EC005A7E58 /* EthereumTransaction.swift in Sources */ = {isa = PBXBuildFile; fileRef = FA7CBECB2A10F9EC005A7E58 /* EthereumTransaction.swift */; };
		FA7CBF022A10F9EC005A7E58 /* ZkSyncWallet.swift in Sources */ = {isa = PBXBuildFile; fileRef = FA7CBECC2A10F9EC005A7E58 /* ZkSyncWallet.swift */; };
		FA7CBF072A110E3D005A7E58 /* ContentViewModel.swift in Sources */ = {isa = PBXBuildFile; fileRef = FA7CBF062A110E3D005A7E58 /* ContentViewModel.swift */; };
		FA8FD8862A4F83D100D0EB17 /* Token.json in Resources */ = {isa = PBXBuildFile; fileRef = FA8FD8762A4F83D100D0EB17 /* Token.json */; };
		FA8FD8872A4F83D100D0EB17 /* PaymasterFlow.json in Resources */ = {isa = PBXBuildFile; fileRef = FA8FD8772A4F83D100D0EB17 /* PaymasterFlow.json */; };
		FA8FD8882A4F83D100D0EB17 /* Paymaster.json in Resources */ = {isa = PBXBuildFile; fileRef = FA8FD8782A4F83D100D0EB17 /* Paymaster.json */; };
		FA8FD8892A4F83D100D0EB17 /* IERC1271.json in Resources */ = {isa = PBXBuildFile; fileRef = FA8FD87A2A4F83D100D0EB17 /* IERC1271.json */; };
		FA8FD88A2A4F83D100D0EB17 /* IAllowList.json in Resources */ = {isa = PBXBuildFile; fileRef = FA8FD87B2A4F83D100D0EB17 /* IAllowList.json */; };
		FA8FD88B2A4F83D100D0EB17 /* update-abi.sh in Resources */ = {isa = PBXBuildFile; fileRef = FA8FD87C2A4F83D100D0EB17 /* update-abi.sh */; };
		FA8FD88C2A4F83D100D0EB17 /* IL1Bridge.json in Resources */ = {isa = PBXBuildFile; fileRef = FA8FD87D2A4F83D100D0EB17 /* IL1Bridge.json */; };
		FA8FD88D2A4F83D100D0EB17 /* ContractDeployer.json in Resources */ = {isa = PBXBuildFile; fileRef = FA8FD87E2A4F83D100D0EB17 /* ContractDeployer.json */; };
		FA8FD88E2A4F83D100D0EB17 /* IEthToken.json in Resources */ = {isa = PBXBuildFile; fileRef = FA8FD87F2A4F83D100D0EB17 /* IEthToken.json */; };
		FA8FD88F2A4F83D100D0EB17 /* IPaymasterFlow.json in Resources */ = {isa = PBXBuildFile; fileRef = FA8FD8802A4F83D100D0EB17 /* IPaymasterFlow.json */; };
		FA8FD8902A4F83D100D0EB17 /* IZkSync.json in Resources */ = {isa = PBXBuildFile; fileRef = FA8FD8812A4F83D100D0EB17 /* IZkSync.json */; };
		FA8FD8912A4F83D100D0EB17 /* IL1Messenger.json in Resources */ = {isa = PBXBuildFile; fileRef = FA8FD8822A4F83D100D0EB17 /* IL1Messenger.json */; };
		FA8FD8922A4F83D100D0EB17 /* IL2Bridge.json in Resources */ = {isa = PBXBuildFile; fileRef = FA8FD8832A4F83D100D0EB17 /* IL2Bridge.json */; };
		FA8FD8932A4F83D100D0EB17 /* IERC20.json in Resources */ = {isa = PBXBuildFile; fileRef = FA8FD8842A4F83D100D0EB17 /* IERC20.json */; };
		FA8FD8942A4F83D100D0EB17 /* Storage.zbin in Resources */ = {isa = PBXBuildFile; fileRef = FA8FD8852A4F83D100D0EB17 /* Storage.zbin */; };
		FA8FD89D2A4F83E100D0EB17 /* SmartAccountManager.swift in Sources */ = {isa = PBXBuildFile; fileRef = FA8FD8952A4F83E100D0EB17 /* SmartAccountManager.swift */; };
		FA8FD89E2A4F83E100D0EB17 /* DepositManager.swift in Sources */ = {isa = PBXBuildFile; fileRef = FA8FD8962A4F83E100D0EB17 /* DepositManager.swift */; };
		FA8FD89F2A4F83E100D0EB17 /* BaseManager.swift in Sources */ = {isa = PBXBuildFile; fileRef = FA8FD8972A4F83E100D0EB17 /* BaseManager.swift */; };
		FA8FD8A02A4F83E100D0EB17 /* TokenManager.swift in Sources */ = {isa = PBXBuildFile; fileRef = FA8FD8982A4F83E100D0EB17 /* TokenManager.swift */; };
		FA8FD8A12A4F83E100D0EB17 /* WithdrawManager.swift in Sources */ = {isa = PBXBuildFile; fileRef = FA8FD8992A4F83E100D0EB17 /* WithdrawManager.swift */; };
		FA8FD8A22A4F83E100D0EB17 /* TransferManager.swift in Sources */ = {isa = PBXBuildFile; fileRef = FA8FD89A2A4F83E100D0EB17 /* TransferManager.swift */; };
		FA8FD8A32A4F83E100D0EB17 /* PaymasterManager.swift in Sources */ = {isa = PBXBuildFile; fileRef = FA8FD89B2A4F83E100D0EB17 /* PaymasterManager.swift */; };
		FA8FD8A42A4F83E100D0EB17 /* SmartContractManager.swift in Sources */ = {isa = PBXBuildFile; fileRef = FA8FD89C2A4F83E100D0EB17 /* SmartContractManager.swift */; };
		FADECD752A10F7F5004E419A /* zkSync_DemoApp.swift in Sources */ = {isa = PBXBuildFile; fileRef = FADECD742A10F7F5004E419A /* zkSync_DemoApp.swift */; };
		FADECD772A10F7F5004E419A /* ContentView.swift in Sources */ = {isa = PBXBuildFile; fileRef = FADECD762A10F7F5004E419A /* ContentView.swift */; };
		FADECD792A10F7F6004E419A /* Assets.xcassets in Resources */ = {isa = PBXBuildFile; fileRef = FADECD782A10F7F6004E419A /* Assets.xcassets */; };
		FADECD7C2A10F7F6004E419A /* Preview Assets.xcassets in Resources */ = {isa = PBXBuildFile; fileRef = FADECD7B2A10F7F6004E419A /* Preview Assets.xcassets */; };
		FAF7A9662A3C7AEF000B02E4 /* AccountAbstraction.swift in Sources */ = {isa = PBXBuildFile; fileRef = FAF7A9652A3C7AEF000B02E4 /* AccountAbstraction.swift */; };
		FAF7A96C2A3DE929000B02E4 /* ZkSyncTransactionReceiptProcessor.swift in Sources */ = {isa = PBXBuildFile; fileRef = FAF7A96B2A3DE929000B02E4 /* ZkSyncTransactionReceiptProcessor.swift */; };
/* End PBXBuildFile section */

/* Begin PBXFileReference section */
		6DB940447B8DD4B43A8076F6 /* Pods-zkSync-Demo.debug.xcconfig */ = {isa = PBXFileReference; includeInIndex = 1; lastKnownFileType = text.xcconfig; name = "Pods-zkSync-Demo.debug.xcconfig"; path = "Target Support Files/Pods-zkSync-Demo/Pods-zkSync-Demo.debug.xcconfig"; sourceTree = "<group>"; };
		733BCEFC1510DADA690FB969 /* Pods_zkSync_Demo.framework */ = {isa = PBXFileReference; explicitFileType = wrapper.framework; includeInIndex = 0; path = Pods_zkSync_Demo.framework; sourceTree = BUILT_PRODUCTS_DIR; };
		E5BD129B0F73644A440158C4 /* Pods-zkSync-Demo.release.xcconfig */ = {isa = PBXFileReference; includeInIndex = 1; lastKnownFileType = text.xcconfig; name = "Pods-zkSync-Demo.release.xcconfig"; path = "Target Support Files/Pods-zkSync-Demo/Pods-zkSync-Demo.release.xcconfig"; sourceTree = "<group>"; };
		FA7CBE892A10F9EC005A7E58 /* Fee.swift */ = {isa = PBXFileReference; fileEncoding = 4; lastKnownFileType = sourcecode.swift; path = Fee.swift; sourceTree = "<group>"; };
		FA7CBE8A2A10F9EC005A7E58 /* DefaultTransactionFeeProvider.swift */ = {isa = PBXFileReference; fileEncoding = 4; lastKnownFileType = sourcecode.swift; path = DefaultTransactionFeeProvider.swift; sourceTree = "<group>"; };
		FA7CBE8B2A10F9EC005A7E58 /* ZkTransactionFeeProvider.swift */ = {isa = PBXFileReference; fileEncoding = 4; lastKnownFileType = sourcecode.swift; path = ZkTransactionFeeProvider.swift; sourceTree = "<group>"; };
		FA7CBE8D2A10F9EC005A7E58 /* EthereumTransaction+EIP712.swift */ = {isa = PBXFileReference; fileEncoding = 4; lastKnownFileType = sourcecode.swift; path = "EthereumTransaction+EIP712.swift"; sourceTree = "<group>"; };
		FA7CBE8F2A10F9EC005A7E58 /* ERC20.swift */ = {isa = PBXFileReference; fileEncoding = 4; lastKnownFileType = sourcecode.swift; path = ERC20.swift; sourceTree = "<group>"; };
		FA7CBE902A10F9EC005A7E58 /* IZkSync.swift */ = {isa = PBXFileReference; fileEncoding = 4; lastKnownFileType = sourcecode.swift; path = IZkSync.swift; sourceTree = "<group>"; };
		FA7CBE912A10F9EC005A7E58 /* IL1Bridge.swift */ = {isa = PBXFileReference; fileEncoding = 4; lastKnownFileType = sourcecode.swift; path = IL1Bridge.swift; sourceTree = "<group>"; };
		FA7CBE922A10F9EC005A7E58 /* IL2Bridge.swift */ = {isa = PBXFileReference; fileEncoding = 4; lastKnownFileType = sourcecode.swift; path = IL2Bridge.swift; sourceTree = "<group>"; };
		FA7CBE932A10F9EC005A7E58 /* NonceHolder.swift */ = {isa = PBXFileReference; fileEncoding = 4; lastKnownFileType = sourcecode.swift; path = NonceHolder.swift; sourceTree = "<group>"; };
		FA7CBE962A10F9EC005A7E58 /* PrivateKeyEthSigner.swift */ = {isa = PBXFileReference; fileEncoding = 4; lastKnownFileType = sourcecode.swift; path = PrivateKeyEthSigner.swift; sourceTree = "<group>"; };
		FA7CBE972A10F9EC005A7E58 /* EthSigner.swift */ = {isa = PBXFileReference; fileEncoding = 4; lastKnownFileType = sourcecode.swift; path = EthSigner.swift; sourceTree = "<group>"; };
		FA7CBE992A10F9EC005A7E58 /* EIP712Encoder.swift */ = {isa = PBXFileReference; fileEncoding = 4; lastKnownFileType = sourcecode.swift; path = EIP712Encoder.swift; sourceTree = "<group>"; };
		FA7CBE9A2A10F9EC005A7E58 /* Structurable.swift */ = {isa = PBXFileReference; fileEncoding = 4; lastKnownFileType = sourcecode.swift; path = Structurable.swift; sourceTree = "<group>"; };
		FA7CBE9B2A10F9EC005A7E58 /* EIP712Domain.swift */ = {isa = PBXFileReference; fileEncoding = 4; lastKnownFileType = sourcecode.swift; path = EIP712Domain.swift; sourceTree = "<group>"; };
		FA7CBE9E2A10F9EC005A7E58 /* Log.swift */ = {isa = PBXFileReference; fileEncoding = 4; lastKnownFileType = sourcecode.swift; path = Log.swift; sourceTree = "<group>"; };
		FA7CBE9F2A10F9EC005A7E58 /* JRPCResponse.swift */ = {isa = PBXFileReference; fileEncoding = 4; lastKnownFileType = sourcecode.swift; path = JRPCResponse.swift; sourceTree = "<group>"; };
		FA7CBEA02A10F9EC005A7E58 /* TransactionResponse.swift */ = {isa = PBXFileReference; fileEncoding = 4; lastKnownFileType = sourcecode.swift; path = TransactionResponse.swift; sourceTree = "<group>"; };
		FA7CBEA12A10F9EC005A7E58 /* L2ToL1Log.swift */ = {isa = PBXFileReference; fileEncoding = 4; lastKnownFileType = sourcecode.swift; path = L2ToL1Log.swift; sourceTree = "<group>"; };
		FA7CBEA22A10F9EC005A7E58 /* Block.swift */ = {isa = PBXFileReference; fileEncoding = 4; lastKnownFileType = sourcecode.swift; path = Block.swift; sourceTree = "<group>"; };
		FA7CBEA32A10F9EC005A7E58 /* L2ToL1MessageProof.swift */ = {isa = PBXFileReference; fileEncoding = 4; lastKnownFileType = sourcecode.swift; path = L2ToL1MessageProof.swift; sourceTree = "<group>"; };
		FA7CBEA42A10F9EC005A7E58 /* TransactionDetails.swift */ = {isa = PBXFileReference; fileEncoding = 4; lastKnownFileType = sourcecode.swift; path = TransactionDetails.swift; sourceTree = "<group>"; };
		FA7CBEA52A10F9EC005A7E58 /* BridgeAddresses.swift */ = {isa = PBXFileReference; fileEncoding = 4; lastKnownFileType = sourcecode.swift; path = BridgeAddresses.swift; sourceTree = "<group>"; };
		FA7CBEA62A10F9EC005A7E58 /* BlockDetails.swift */ = {isa = PBXFileReference; fileEncoding = 4; lastKnownFileType = sourcecode.swift; path = BlockDetails.swift; sourceTree = "<group>"; };
		FA7CBEA72A10F9EC005A7E58 /* JRPCError.swift */ = {isa = PBXFileReference; fileEncoding = 4; lastKnownFileType = sourcecode.swift; path = JRPCError.swift; sourceTree = "<group>"; };
		FA7CBEA82A10F9EC005A7E58 /* TransactionStatus.swift */ = {isa = PBXFileReference; fileEncoding = 4; lastKnownFileType = sourcecode.swift; path = TransactionStatus.swift; sourceTree = "<group>"; };
		FA7CBEAA2A10F9EC005A7E58 /* JRPCRequest.swift */ = {isa = PBXFileReference; fileEncoding = 4; lastKnownFileType = sourcecode.swift; path = JRPCRequest.swift; sourceTree = "<group>"; };
		FA7CBEAB2A10F9EC005A7E58 /* JRPCCounter.swift */ = {isa = PBXFileReference; fileEncoding = 4; lastKnownFileType = sourcecode.swift; path = JRPCCounter.swift; sourceTree = "<group>"; };
		FA7CBEAD2A10F9EC005A7E58 /* HTTPTransport.swift */ = {isa = PBXFileReference; fileEncoding = 4; lastKnownFileType = sourcecode.swift; path = HTTPTransport.swift; sourceTree = "<group>"; };
		FA7CBEAF2A10F9EC005A7E58 /* ContractDeployer.swift */ = {isa = PBXFileReference; fileEncoding = 4; lastKnownFileType = sourcecode.swift; path = ContractDeployer.swift; sourceTree = "<group>"; };
		FA7CBEB02A10F9EC005A7E58 /* ZkSyncABI.swift */ = {isa = PBXFileReference; fileEncoding = 4; lastKnownFileType = sourcecode.swift; path = ZkSyncABI.swift; sourceTree = "<group>"; };
		FA7CBEB12A10F9EC005A7E58 /* ContractUtils.swift */ = {isa = PBXFileReference; fileEncoding = 4; lastKnownFileType = sourcecode.swift; path = ContractUtils.swift; sourceTree = "<group>"; };
		FA7CBEB22A10F9EC005A7E58 /* ZkSyncAddresses.swift */ = {isa = PBXFileReference; fileEncoding = 4; lastKnownFileType = sourcecode.swift; path = ZkSyncAddresses.swift; sourceTree = "<group>"; };
		FA7CBEB32A10F9EC005A7E58 /* Paymaster.swift */ = {isa = PBXFileReference; fileEncoding = 4; lastKnownFileType = sourcecode.swift; path = Paymaster.swift; sourceTree = "<group>"; };
		FA7CBEB62A10F9EC005A7E58 /* TokenId.swift */ = {isa = PBXFileReference; fileEncoding = 4; lastKnownFileType = sourcecode.swift; path = TokenId.swift; sourceTree = "<group>"; };
		FA7CBEB72A10F9EC005A7E58 /* ZkSyncNetwork.swift */ = {isa = PBXFileReference; fileEncoding = 4; lastKnownFileType = sourcecode.swift; path = ZkSyncNetwork.swift; sourceTree = "<group>"; };
		FA7CBEB82A10F9EC005A7E58 /* ZkBlockParameterName.swift */ = {isa = PBXFileReference; fileEncoding = 4; lastKnownFileType = sourcecode.swift; path = ZkBlockParameterName.swift; sourceTree = "<group>"; };
		FA7CBEB92A10F9EC005A7E58 /* Token.swift */ = {isa = PBXFileReference; fileEncoding = 4; lastKnownFileType = sourcecode.swift; path = Token.swift; sourceTree = "<group>"; };
		FA7CBEBA2A10F9EC005A7E58 /* JsonRpc2_0ZkSync.swift */ = {isa = PBXFileReference; fileEncoding = 4; lastKnownFileType = sourcecode.swift; path = JsonRpc2_0ZkSync.swift; sourceTree = "<group>"; };
		FA7CBEBC2A10F9EC005A7E58 /* EthereumProvider.swift */ = {isa = PBXFileReference; fileEncoding = 4; lastKnownFileType = sourcecode.swift; path = EthereumProvider.swift; sourceTree = "<group>"; };
		FA7CBEBD2A10F9EC005A7E58 /* DefaultEthereumProvider.swift */ = {isa = PBXFileReference; fileEncoding = 4; lastKnownFileType = sourcecode.swift; path = DefaultEthereumProvider.swift; sourceTree = "<group>"; };
		FA7CBEBE2A10F9EC005A7E58 /* ContractGasProvider.swift */ = {isa = PBXFileReference; fileEncoding = 4; lastKnownFileType = sourcecode.swift; path = ContractGasProvider.swift; sourceTree = "<group>"; };
		FA7CBEBF2A10F9EC005A7E58 /* ZkSync.swift */ = {isa = PBXFileReference; fileEncoding = 4; lastKnownFileType = sourcecode.swift; path = ZkSync.swift; sourceTree = "<group>"; };
		FA7CBEC12A10F9EC005A7E58 /* Data.swift */ = {isa = PBXFileReference; fileEncoding = 4; lastKnownFileType = sourcecode.swift; path = Data.swift; sourceTree = "<group>"; };
		FA7CBEC22A10F9EC005A7E58 /* Web3Eth.swift */ = {isa = PBXFileReference; fileEncoding = 4; lastKnownFileType = sourcecode.swift; path = Web3Eth.swift; sourceTree = "<group>"; };
		FA7CBEC32A10F9EC005A7E58 /* JsonRpc2_0ZkSync+Promise.swift */ = {isa = PBXFileReference; fileEncoding = 4; lastKnownFileType = sourcecode.swift; path = "JsonRpc2_0ZkSync+Promise.swift"; sourceTree = "<group>"; };
		FA7CBEC42A10F9EC005A7E58 /* EthereumKeystoreV3.swift */ = {isa = PBXFileReference; fileEncoding = 4; lastKnownFileType = sourcecode.swift; path = EthereumKeystoreV3.swift; sourceTree = "<group>"; };
		FA7CBEC52A10F9EC005A7E58 /* EthereumAddress.swift */ = {isa = PBXFileReference; fileEncoding = 4; lastKnownFileType = sourcecode.swift; path = EthereumAddress.swift; sourceTree = "<group>"; };
		FA7CBEC62A10F9EC005A7E58 /* BigUInt.swift */ = {isa = PBXFileReference; fileEncoding = 4; lastKnownFileType = sourcecode.swift; path = BigUInt.swift; sourceTree = "<group>"; };
		FA7CBEC72A10F9EC005A7E58 /* String.swift */ = {isa = PBXFileReference; fileEncoding = 4; lastKnownFileType = sourcecode.swift; path = String.swift; sourceTree = "<group>"; };
		FA7CBEC82A10F9EC005A7E58 /* DateFormatter.swift */ = {isa = PBXFileReference; fileEncoding = 4; lastKnownFileType = sourcecode.swift; path = DateFormatter.swift; sourceTree = "<group>"; };
		FA7CBEC92A10F9EC005A7E58 /* Numeric.swift */ = {isa = PBXFileReference; fileEncoding = 4; lastKnownFileType = sourcecode.swift; path = Numeric.swift; sourceTree = "<group>"; };
		FA7CBECA2A10F9EC005A7E58 /* PromiseKit.swift */ = {isa = PBXFileReference; fileEncoding = 4; lastKnownFileType = sourcecode.swift; path = PromiseKit.swift; sourceTree = "<group>"; };
		FA7CBECB2A10F9EC005A7E58 /* EthereumTransaction.swift */ = {isa = PBXFileReference; fileEncoding = 4; lastKnownFileType = sourcecode.swift; path = EthereumTransaction.swift; sourceTree = "<group>"; };
		FA7CBECC2A10F9EC005A7E58 /* ZkSyncWallet.swift */ = {isa = PBXFileReference; fileEncoding = 4; lastKnownFileType = sourcecode.swift; path = ZkSyncWallet.swift; sourceTree = "<group>"; };
		FA7CBF062A110E3D005A7E58 /* ContentViewModel.swift */ = {isa = PBXFileReference; lastKnownFileType = sourcecode.swift; path = ContentViewModel.swift; sourceTree = "<group>"; };
		FA8FD8762A4F83D100D0EB17 /* Token.json */ = {isa = PBXFileReference; fileEncoding = 4; lastKnownFileType = text.json; path = Token.json; sourceTree = "<group>"; };
		FA8FD8772A4F83D100D0EB17 /* PaymasterFlow.json */ = {isa = PBXFileReference; fileEncoding = 4; lastKnownFileType = text.json; path = PaymasterFlow.json; sourceTree = "<group>"; };
		FA8FD8782A4F83D100D0EB17 /* Paymaster.json */ = {isa = PBXFileReference; fileEncoding = 4; lastKnownFileType = text.json; path = Paymaster.json; sourceTree = "<group>"; };
		FA8FD87A2A4F83D100D0EB17 /* IERC1271.json */ = {isa = PBXFileReference; fileEncoding = 4; lastKnownFileType = text.json; path = IERC1271.json; sourceTree = "<group>"; };
		FA8FD87B2A4F83D100D0EB17 /* IAllowList.json */ = {isa = PBXFileReference; fileEncoding = 4; lastKnownFileType = text.json; path = IAllowList.json; sourceTree = "<group>"; };
		FA8FD87C2A4F83D100D0EB17 /* update-abi.sh */ = {isa = PBXFileReference; fileEncoding = 4; lastKnownFileType = text.script.sh; path = "update-abi.sh"; sourceTree = "<group>"; };
		FA8FD87D2A4F83D100D0EB17 /* IL1Bridge.json */ = {isa = PBXFileReference; fileEncoding = 4; lastKnownFileType = text.json; path = IL1Bridge.json; sourceTree = "<group>"; };
		FA8FD87E2A4F83D100D0EB17 /* ContractDeployer.json */ = {isa = PBXFileReference; fileEncoding = 4; lastKnownFileType = text.json; path = ContractDeployer.json; sourceTree = "<group>"; };
		FA8FD87F2A4F83D100D0EB17 /* IEthToken.json */ = {isa = PBXFileReference; fileEncoding = 4; lastKnownFileType = text.json; path = IEthToken.json; sourceTree = "<group>"; };
		FA8FD8802A4F83D100D0EB17 /* IPaymasterFlow.json */ = {isa = PBXFileReference; fileEncoding = 4; lastKnownFileType = text.json; path = IPaymasterFlow.json; sourceTree = "<group>"; };
		FA8FD8812A4F83D100D0EB17 /* IZkSync.json */ = {isa = PBXFileReference; fileEncoding = 4; lastKnownFileType = text.json; path = IZkSync.json; sourceTree = "<group>"; };
		FA8FD8822A4F83D100D0EB17 /* IL1Messenger.json */ = {isa = PBXFileReference; fileEncoding = 4; lastKnownFileType = text.json; path = IL1Messenger.json; sourceTree = "<group>"; };
		FA8FD8832A4F83D100D0EB17 /* IL2Bridge.json */ = {isa = PBXFileReference; fileEncoding = 4; lastKnownFileType = text.json; path = IL2Bridge.json; sourceTree = "<group>"; };
		FA8FD8842A4F83D100D0EB17 /* IERC20.json */ = {isa = PBXFileReference; fileEncoding = 4; lastKnownFileType = text.json; path = IERC20.json; sourceTree = "<group>"; };
		FA8FD8852A4F83D100D0EB17 /* Storage.zbin */ = {isa = PBXFileReference; lastKnownFileType = file; path = Storage.zbin; sourceTree = "<group>"; };
		FA8FD8952A4F83E100D0EB17 /* SmartAccountManager.swift */ = {isa = PBXFileReference; fileEncoding = 4; lastKnownFileType = sourcecode.swift; name = SmartAccountManager.swift; path = "../../../../../zksync2-examples/swift/SmartAccountManager.swift"; sourceTree = "<group>"; };
		FA8FD8962A4F83E100D0EB17 /* DepositManager.swift */ = {isa = PBXFileReference; fileEncoding = 4; lastKnownFileType = sourcecode.swift; name = DepositManager.swift; path = "../../../../../zksync2-examples/swift/DepositManager.swift"; sourceTree = "<group>"; };
		FA8FD8972A4F83E100D0EB17 /* BaseManager.swift */ = {isa = PBXFileReference; fileEncoding = 4; lastKnownFileType = sourcecode.swift; name = BaseManager.swift; path = "../../../../../zksync2-examples/swift/BaseManager.swift"; sourceTree = "<group>"; };
		FA8FD8982A4F83E100D0EB17 /* TokenManager.swift */ = {isa = PBXFileReference; fileEncoding = 4; lastKnownFileType = sourcecode.swift; name = TokenManager.swift; path = "../../../../../zksync2-examples/swift/TokenManager.swift"; sourceTree = "<group>"; };
		FA8FD8992A4F83E100D0EB17 /* WithdrawManager.swift */ = {isa = PBXFileReference; fileEncoding = 4; lastKnownFileType = sourcecode.swift; name = WithdrawManager.swift; path = "../../../../../zksync2-examples/swift/WithdrawManager.swift"; sourceTree = "<group>"; };
		FA8FD89A2A4F83E100D0EB17 /* TransferManager.swift */ = {isa = PBXFileReference; fileEncoding = 4; lastKnownFileType = sourcecode.swift; name = TransferManager.swift; path = "../../../../../zksync2-examples/swift/TransferManager.swift"; sourceTree = "<group>"; };
		FA8FD89B2A4F83E100D0EB17 /* PaymasterManager.swift */ = {isa = PBXFileReference; fileEncoding = 4; lastKnownFileType = sourcecode.swift; name = PaymasterManager.swift; path = "../../../../../zksync2-examples/swift/PaymasterManager.swift"; sourceTree = "<group>"; };
		FA8FD89C2A4F83E100D0EB17 /* SmartContractManager.swift */ = {isa = PBXFileReference; fileEncoding = 4; lastKnownFileType = sourcecode.swift; name = SmartContractManager.swift; path = "../../../../../zksync2-examples/swift/SmartContractManager.swift"; sourceTree = "<group>"; };
		FADECD712A10F7F5004E419A /* zkSync-Demo.app */ = {isa = PBXFileReference; explicitFileType = wrapper.application; includeInIndex = 0; path = "zkSync-Demo.app"; sourceTree = BUILT_PRODUCTS_DIR; };
		FADECD742A10F7F5004E419A /* zkSync_DemoApp.swift */ = {isa = PBXFileReference; lastKnownFileType = sourcecode.swift; path = zkSync_DemoApp.swift; sourceTree = "<group>"; };
		FADECD762A10F7F5004E419A /* ContentView.swift */ = {isa = PBXFileReference; lastKnownFileType = sourcecode.swift; path = ContentView.swift; sourceTree = "<group>"; };
		FADECD782A10F7F6004E419A /* Assets.xcassets */ = {isa = PBXFileReference; lastKnownFileType = folder.assetcatalog; path = Assets.xcassets; sourceTree = "<group>"; };
		FADECD7B2A10F7F6004E419A /* Preview Assets.xcassets */ = {isa = PBXFileReference; lastKnownFileType = folder.assetcatalog; path = "Preview Assets.xcassets"; sourceTree = "<group>"; };
		FAF7A9652A3C7AEF000B02E4 /* AccountAbstraction.swift */ = {isa = PBXFileReference; lastKnownFileType = sourcecode.swift; path = AccountAbstraction.swift; sourceTree = "<group>"; };
		FAF7A96B2A3DE929000B02E4 /* ZkSyncTransactionReceiptProcessor.swift */ = {isa = PBXFileReference; lastKnownFileType = sourcecode.swift; path = ZkSyncTransactionReceiptProcessor.swift; sourceTree = "<group>"; };
/* End PBXFileReference section */

/* Begin PBXFrameworksBuildPhase section */
		FADECD6E2A10F7F5004E419A /* Frameworks */ = {
			isa = PBXFrameworksBuildPhase;
			buildActionMask = 2147483647;
			files = (
				8412AB908007CD12AD22A01D /* Pods_zkSync_Demo.framework in Frameworks */,
			);
			runOnlyForDeploymentPostprocessing = 0;
		};
/* End PBXFrameworksBuildPhase section */

/* Begin PBXGroup section */
		631A0F863415E3845F25905A /* Frameworks */ = {
			isa = PBXGroup;
			children = (
				733BCEFC1510DADA690FB969 /* Pods_zkSync_Demo.framework */,
			);
			name = Frameworks;
			sourceTree = "<group>";
		};
		CA451245A78DDEBE8C842252 /* Pods */ = {
			isa = PBXGroup;
			children = (
				6DB940447B8DD4B43A8076F6 /* Pods-zkSync-Demo.debug.xcconfig */,
				E5BD129B0F73644A440158C4 /* Pods-zkSync-Demo.release.xcconfig */,
			);
			path = Pods;
			sourceTree = "<group>";
		};
		FA7CBE862A10F9EC005A7E58 /* ZkSync2 */ = {
			isa = PBXGroup;
			children = (
				FA7CBE872A10F9EC005A7E58 /* Transaction */,
				FA7CBE8E2A10F9EC005A7E58 /* Wrappers */,
				FA7CBE942A10F9EC005A7E58 /* Crypto */,
				FA7CBE9C2A10F9EC005A7E58 /* Methods */,
				FA7CBEAC2A10F9EC005A7E58 /* Transport */,
				FA7CBEAE2A10F9EC005A7E58 /* Utils */,
				FA7CBEB42A10F9EC005A7E58 /* Protocol */,
				FA7CBEC02A10F9EC005A7E58 /* Extensions */,
				FA7CBECC2A10F9EC005A7E58 /* ZkSyncWallet.swift */,
			);
			name = ZkSync2;
			path = ../../../Sources/ZkSync2;
			sourceTree = "<group>";
		};
		FA7CBE872A10F9EC005A7E58 /* Transaction */ = {
			isa = PBXGroup;
			children = (
				FA7CBE882A10F9EC005A7E58 /* Fee */,
				FA7CBE8C2A10F9EC005A7E58 /* Type */,
			);
			path = Transaction;
			sourceTree = "<group>";
		};
		FA7CBE882A10F9EC005A7E58 /* Fee */ = {
			isa = PBXGroup;
			children = (
				FA7CBE892A10F9EC005A7E58 /* Fee.swift */,
				FA7CBE8A2A10F9EC005A7E58 /* DefaultTransactionFeeProvider.swift */,
				FA7CBE8B2A10F9EC005A7E58 /* ZkTransactionFeeProvider.swift */,
			);
			path = Fee;
			sourceTree = "<group>";
		};
		FA7CBE8C2A10F9EC005A7E58 /* Type */ = {
			isa = PBXGroup;
			children = (
				FA7CBE8D2A10F9EC005A7E58 /* EthereumTransaction+EIP712.swift */,
			);
			path = Type;
			sourceTree = "<group>";
		};
		FA7CBE8E2A10F9EC005A7E58 /* Wrappers */ = {
			isa = PBXGroup;
			children = (
				FA7CBE8F2A10F9EC005A7E58 /* ERC20.swift */,
				FA7CBE902A10F9EC005A7E58 /* IZkSync.swift */,
				FA7CBE912A10F9EC005A7E58 /* IL1Bridge.swift */,
				FA7CBE922A10F9EC005A7E58 /* IL2Bridge.swift */,
				FA7CBE932A10F9EC005A7E58 /* NonceHolder.swift */,
			);
			path = Wrappers;
			sourceTree = "<group>";
		};
		FA7CBE942A10F9EC005A7E58 /* Crypto */ = {
			isa = PBXGroup;
			children = (
				FA7CBE952A10F9EC005A7E58 /* Signer */,
				FA7CBE982A10F9EC005A7E58 /* EIP712 */,
			);
			path = Crypto;
			sourceTree = "<group>";
		};
		FA7CBE952A10F9EC005A7E58 /* Signer */ = {
			isa = PBXGroup;
			children = (
				FA7CBE962A10F9EC005A7E58 /* PrivateKeyEthSigner.swift */,
				FA7CBE972A10F9EC005A7E58 /* EthSigner.swift */,
			);
			path = Signer;
			sourceTree = "<group>";
		};
		FA7CBE982A10F9EC005A7E58 /* EIP712 */ = {
			isa = PBXGroup;
			children = (
				FA7CBE992A10F9EC005A7E58 /* EIP712Encoder.swift */,
				FA7CBE9A2A10F9EC005A7E58 /* Structurable.swift */,
				FA7CBE9B2A10F9EC005A7E58 /* EIP712Domain.swift */,
			);
			path = EIP712;
			sourceTree = "<group>";
		};
		FA7CBE9C2A10F9EC005A7E58 /* Methods */ = {
			isa = PBXGroup;
			children = (
				FA7CBE9D2A10F9EC005A7E58 /* Response */,
				FA7CBEA92A10F9EC005A7E58 /* Request */,
			);
			path = Methods;
			sourceTree = "<group>";
		};
		FA7CBE9D2A10F9EC005A7E58 /* Response */ = {
			isa = PBXGroup;
			children = (
				FA7CBE9E2A10F9EC005A7E58 /* Log.swift */,
				FA7CBE9F2A10F9EC005A7E58 /* JRPCResponse.swift */,
				FA7CBEA02A10F9EC005A7E58 /* TransactionResponse.swift */,
				FA7CBEA12A10F9EC005A7E58 /* L2ToL1Log.swift */,
				FA7CBEA22A10F9EC005A7E58 /* Block.swift */,
				FA7CBEA32A10F9EC005A7E58 /* L2ToL1MessageProof.swift */,
				FA7CBEA42A10F9EC005A7E58 /* TransactionDetails.swift */,
				FA7CBEA52A10F9EC005A7E58 /* BridgeAddresses.swift */,
				FA7CBEA62A10F9EC005A7E58 /* BlockDetails.swift */,
				FA7CBEA72A10F9EC005A7E58 /* JRPCError.swift */,
				FA7CBEA82A10F9EC005A7E58 /* TransactionStatus.swift */,
			);
			path = Response;
			sourceTree = "<group>";
		};
		FA7CBEA92A10F9EC005A7E58 /* Request */ = {
			isa = PBXGroup;
			children = (
				FA7CBEAA2A10F9EC005A7E58 /* JRPCRequest.swift */,
				FA7CBEAB2A10F9EC005A7E58 /* JRPCCounter.swift */,
			);
			path = Request;
			sourceTree = "<group>";
		};
		FA7CBEAC2A10F9EC005A7E58 /* Transport */ = {
			isa = PBXGroup;
			children = (
				FA7CBEAD2A10F9EC005A7E58 /* HTTPTransport.swift */,
			);
			path = Transport;
			sourceTree = "<group>";
		};
		FA7CBEAE2A10F9EC005A7E58 /* Utils */ = {
			isa = PBXGroup;
			children = (
				FA7CBEAF2A10F9EC005A7E58 /* ContractDeployer.swift */,
				FA7CBEB02A10F9EC005A7E58 /* ZkSyncABI.swift */,
				FA7CBEB12A10F9EC005A7E58 /* ContractUtils.swift */,
				FA7CBEB22A10F9EC005A7E58 /* ZkSyncAddresses.swift */,
				FA7CBEB32A10F9EC005A7E58 /* Paymaster.swift */,
				FAF7A9652A3C7AEF000B02E4 /* AccountAbstraction.swift */,
				FAF7A96B2A3DE929000B02E4 /* ZkSyncTransactionReceiptProcessor.swift */,
			);
			path = Utils;
			sourceTree = "<group>";
		};
		FA7CBEB42A10F9EC005A7E58 /* Protocol */ = {
			isa = PBXGroup;
			children = (
				FA7CBEB52A10F9EC005A7E58 /* Core */,
				FA7CBEBA2A10F9EC005A7E58 /* JsonRpc2_0ZkSync.swift */,
				FA7CBEBB2A10F9EC005A7E58 /* Provider */,
				FA7CBEBF2A10F9EC005A7E58 /* ZkSync.swift */,
			);
			path = Protocol;
			sourceTree = "<group>";
		};
		FA7CBEB52A10F9EC005A7E58 /* Core */ = {
			isa = PBXGroup;
			children = (
				FA7CBEB62A10F9EC005A7E58 /* TokenId.swift */,
				FA7CBEB72A10F9EC005A7E58 /* ZkSyncNetwork.swift */,
				FA7CBEB82A10F9EC005A7E58 /* ZkBlockParameterName.swift */,
				FA7CBEB92A10F9EC005A7E58 /* Token.swift */,
			);
			path = Core;
			sourceTree = "<group>";
		};
		FA7CBEBB2A10F9EC005A7E58 /* Provider */ = {
			isa = PBXGroup;
			children = (
				FA7CBEBC2A10F9EC005A7E58 /* EthereumProvider.swift */,
				FA7CBEBD2A10F9EC005A7E58 /* DefaultEthereumProvider.swift */,
				FA7CBEBE2A10F9EC005A7E58 /* ContractGasProvider.swift */,
			);
			path = Provider;
			sourceTree = "<group>";
		};
		FA7CBEC02A10F9EC005A7E58 /* Extensions */ = {
			isa = PBXGroup;
			children = (
				FA7CBEC12A10F9EC005A7E58 /* Data.swift */,
				FA7CBEC22A10F9EC005A7E58 /* Web3Eth.swift */,
				FA7CBEC32A10F9EC005A7E58 /* JsonRpc2_0ZkSync+Promise.swift */,
				FA7CBEC42A10F9EC005A7E58 /* EthereumKeystoreV3.swift */,
				FA7CBEC52A10F9EC005A7E58 /* EthereumAddress.swift */,
				FA7CBEC62A10F9EC005A7E58 /* BigUInt.swift */,
				FA7CBEC72A10F9EC005A7E58 /* String.swift */,
				FA7CBEC82A10F9EC005A7E58 /* DateFormatter.swift */,
				FA7CBEC92A10F9EC005A7E58 /* Numeric.swift */,
				FA7CBECA2A10F9EC005A7E58 /* PromiseKit.swift */,
				FA7CBECB2A10F9EC005A7E58 /* EthereumTransaction.swift */,
			);
			path = Extensions;
			sourceTree = "<group>";
		};
		FA7CBF042A110E13005A7E58 /* ViewModel */ = {
			isa = PBXGroup;
			children = (
				FA7CBF062A110E3D005A7E58 /* ContentViewModel.swift */,
			);
			path = ViewModel;
			sourceTree = "<group>";
		};
		FA7CBF052A110E1A005A7E58 /* View */ = {
			isa = PBXGroup;
			children = (
				FADECD762A10F7F5004E419A /* ContentView.swift */,
			);
			path = View;
			sourceTree = "<group>";
		};
		FA7CBF082A1110D3005A7E58 /* Content */ = {
			isa = PBXGroup;
			children = (
				FA7CBF052A110E1A005A7E58 /* View */,
				FA7CBF042A110E13005A7E58 /* ViewModel */,
			);
			path = Content;
			sourceTree = "<group>";
		};
		FA7CBF092A1110E4005A7E58 /* Views */ = {
			isa = PBXGroup;
			children = (
				FA7CBF082A1110D3005A7E58 /* Content */,
			);
			path = Views;
			sourceTree = "<group>";
		};
		FA7CBF0A2A1110FA005A7E58 /* Managers */ = {
			isa = PBXGroup;
			children = (
				FA8FD8972A4F83E100D0EB17 /* BaseManager.swift */,
				FA8FD8962A4F83E100D0EB17 /* DepositManager.swift */,
				FA8FD89A2A4F83E100D0EB17 /* TransferManager.swift */,
				FA8FD8992A4F83E100D0EB17 /* WithdrawManager.swift */,
				FA8FD89C2A4F83E100D0EB17 /* SmartContractManager.swift */,
				FA8FD8952A4F83E100D0EB17 /* SmartAccountManager.swift */,
				FA8FD8982A4F83E100D0EB17 /* TokenManager.swift */,
				FA8FD89B2A4F83E100D0EB17 /* PaymasterManager.swift */,
			);
			path = Managers;
			sourceTree = "<group>";
		};
		FA7CBF0D2A111124005A7E58 /* App */ = {
			isa = PBXGroup;
			children = (
				FADECD742A10F7F5004E419A /* zkSync_DemoApp.swift */,
				FADECD782A10F7F6004E419A /* Assets.xcassets */,
				FADECD7A2A10F7F6004E419A /* Preview Content */,
			);
			path = App;
			sourceTree = "<group>";
		};
		FA8FD8752A4F83D100D0EB17 /* Resources */ = {
			isa = PBXGroup;
			children = (
				FA8FD8762A4F83D100D0EB17 /* Token.json */,
				FA8FD8772A4F83D100D0EB17 /* PaymasterFlow.json */,
				FA8FD8782A4F83D100D0EB17 /* Paymaster.json */,
				FA8FD8792A4F83D100D0EB17 /* abi */,
				FA8FD8852A4F83D100D0EB17 /* Storage.zbin */,
			);
			name = Resources;
			path = "../../../../zksync2-examples/swift/Resources";
			sourceTree = "<group>";
		};
		FA8FD8792A4F83D100D0EB17 /* abi */ = {
			isa = PBXGroup;
			children = (
				FA8FD87A2A4F83D100D0EB17 /* IERC1271.json */,
				FA8FD87B2A4F83D100D0EB17 /* IAllowList.json */,
				FA8FD87C2A4F83D100D0EB17 /* update-abi.sh */,
				FA8FD87D2A4F83D100D0EB17 /* IL1Bridge.json */,
				FA8FD87E2A4F83D100D0EB17 /* ContractDeployer.json */,
				FA8FD87F2A4F83D100D0EB17 /* IEthToken.json */,
				FA8FD8802A4F83D100D0EB17 /* IPaymasterFlow.json */,
				FA8FD8812A4F83D100D0EB17 /* IZkSync.json */,
				FA8FD8822A4F83D100D0EB17 /* IL1Messenger.json */,
				FA8FD8832A4F83D100D0EB17 /* IL2Bridge.json */,
				FA8FD8842A4F83D100D0EB17 /* IERC20.json */,
			);
			path = abi;
			sourceTree = "<group>";
		};
		FADECD682A10F7F5004E419A = {
			isa = PBXGroup;
			children = (
				FADECD732A10F7F5004E419A /* zkSync-Demo */,
				FADECD722A10F7F5004E419A /* Products */,
				CA451245A78DDEBE8C842252 /* Pods */,
				631A0F863415E3845F25905A /* Frameworks */,
			);
			sourceTree = "<group>";
		};
		FADECD722A10F7F5004E419A /* Products */ = {
			isa = PBXGroup;
			children = (
				FADECD712A10F7F5004E419A /* zkSync-Demo.app */,
			);
			name = Products;
			sourceTree = "<group>";
		};
		FADECD732A10F7F5004E419A /* zkSync-Demo */ = {
			isa = PBXGroup;
			children = (
				FA8FD8752A4F83D100D0EB17 /* Resources */,
				FA7CBF0D2A111124005A7E58 /* App */,
				FA7CBF092A1110E4005A7E58 /* Views */,
				FA7CBF0A2A1110FA005A7E58 /* Managers */,
				FA7CBE862A10F9EC005A7E58 /* ZkSync2 */,
			);
			path = "zkSync-Demo";
			sourceTree = "<group>";
		};
		FADECD7A2A10F7F6004E419A /* Preview Content */ = {
			isa = PBXGroup;
			children = (
				FADECD7B2A10F7F6004E419A /* Preview Assets.xcassets */,
			);
			path = "Preview Content";
			sourceTree = "<group>";
		};
/* End PBXGroup section */

/* Begin PBXNativeTarget section */
		FADECD702A10F7F5004E419A /* zkSync-Demo */ = {
			isa = PBXNativeTarget;
			buildConfigurationList = FADECD7F2A10F7F6004E419A /* Build configuration list for PBXNativeTarget "zkSync-Demo" */;
			buildPhases = (
				1C9284862F3FA7C2719DF954 /* [CP] Check Pods Manifest.lock */,
				FADECD6D2A10F7F5004E419A /* Sources */,
				FADECD6E2A10F7F5004E419A /* Frameworks */,
				FADECD6F2A10F7F5004E419A /* Resources */,
				EE85483595BF1AE962A5B789 /* [CP] Embed Pods Frameworks */,
			);
			buildRules = (
			);
			dependencies = (
			);
			name = "zkSync-Demo";
			productName = "zkSync-Demo";
			productReference = FADECD712A10F7F5004E419A /* zkSync-Demo.app */;
			productType = "com.apple.product-type.application";
		};
/* End PBXNativeTarget section */

/* Begin PBXProject section */
		FADECD692A10F7F5004E419A /* Project object */ = {
			isa = PBXProject;
			attributes = {
				BuildIndependentTargetsInParallel = 1;
				LastSwiftUpdateCheck = 1420;
				LastUpgradeCheck = 1420;
				TargetAttributes = {
					FADECD702A10F7F5004E419A = {
						CreatedOnToolsVersion = 14.2;
					};
				};
			};
			buildConfigurationList = FADECD6C2A10F7F5004E419A /* Build configuration list for PBXProject "zkSync-Demo" */;
			compatibilityVersion = "Xcode 14.0";
			developmentRegion = en;
			hasScannedForEncodings = 0;
			knownRegions = (
				en,
				Base,
			);
			mainGroup = FADECD682A10F7F5004E419A;
			productRefGroup = FADECD722A10F7F5004E419A /* Products */;
			projectDirPath = "";
			projectRoot = "";
			targets = (
				FADECD702A10F7F5004E419A /* zkSync-Demo */,
			);
		};
/* End PBXProject section */

/* Begin PBXResourcesBuildPhase section */
		FADECD6F2A10F7F5004E419A /* Resources */ = {
			isa = PBXResourcesBuildPhase;
			buildActionMask = 2147483647;
			files = (
				FA8FD8872A4F83D100D0EB17 /* PaymasterFlow.json in Resources */,
				FA8FD88E2A4F83D100D0EB17 /* IEthToken.json in Resources */,
				FA8FD8912A4F83D100D0EB17 /* IL1Messenger.json in Resources */,
				FA8FD8862A4F83D100D0EB17 /* Token.json in Resources */,
				FA8FD88B2A4F83D100D0EB17 /* update-abi.sh in Resources */,
				FA8FD88D2A4F83D100D0EB17 /* ContractDeployer.json in Resources */,
				FA8FD8942A4F83D100D0EB17 /* Storage.zbin in Resources */,
				FA8FD8902A4F83D100D0EB17 /* IZkSync.json in Resources */,
				FA8FD88A2A4F83D100D0EB17 /* IAllowList.json in Resources */,
				FA8FD8932A4F83D100D0EB17 /* IERC20.json in Resources */,
				FA8FD8922A4F83D100D0EB17 /* IL2Bridge.json in Resources */,
				FA8FD88C2A4F83D100D0EB17 /* IL1Bridge.json in Resources */,
				FADECD7C2A10F7F6004E419A /* Preview Assets.xcassets in Resources */,
				FA8FD8892A4F83D100D0EB17 /* IERC1271.json in Resources */,
				FADECD792A10F7F6004E419A /* Assets.xcassets in Resources */,
				FA8FD88F2A4F83D100D0EB17 /* IPaymasterFlow.json in Resources */,
				FA8FD8882A4F83D100D0EB17 /* Paymaster.json in Resources */,
			);
			runOnlyForDeploymentPostprocessing = 0;
		};
/* End PBXResourcesBuildPhase section */

/* Begin PBXShellScriptBuildPhase section */
		1C9284862F3FA7C2719DF954 /* [CP] Check Pods Manifest.lock */ = {
			isa = PBXShellScriptBuildPhase;
			buildActionMask = 2147483647;
			files = (
			);
			inputFileListPaths = (
			);
			inputPaths = (
				"${PODS_PODFILE_DIR_PATH}/Podfile.lock",
				"${PODS_ROOT}/Manifest.lock",
			);
			name = "[CP] Check Pods Manifest.lock";
			outputFileListPaths = (
			);
			outputPaths = (
				"$(DERIVED_FILE_DIR)/Pods-zkSync-Demo-checkManifestLockResult.txt",
			);
			runOnlyForDeploymentPostprocessing = 0;
			shellPath = /bin/sh;
			shellScript = "diff \"${PODS_PODFILE_DIR_PATH}/Podfile.lock\" \"${PODS_ROOT}/Manifest.lock\" > /dev/null\nif [ $? != 0 ] ; then\n    # print error to STDERR\n    echo \"error: The sandbox is not in sync with the Podfile.lock. Run 'pod install' or update your CocoaPods installation.\" >&2\n    exit 1\nfi\n# This output is used by Xcode 'outputs' to avoid re-running this script phase.\necho \"SUCCESS\" > \"${SCRIPT_OUTPUT_FILE_0}\"\n";
			showEnvVarsInLog = 0;
		};
		EE85483595BF1AE962A5B789 /* [CP] Embed Pods Frameworks */ = {
			isa = PBXShellScriptBuildPhase;
			buildActionMask = 2147483647;
			files = (
			);
			inputFileListPaths = (
				"${PODS_ROOT}/Target Support Files/Pods-zkSync-Demo/Pods-zkSync-Demo-frameworks-${CONFIGURATION}-input-files.xcfilelist",
			);
			name = "[CP] Embed Pods Frameworks";
			outputFileListPaths = (
				"${PODS_ROOT}/Target Support Files/Pods-zkSync-Demo/Pods-zkSync-Demo-frameworks-${CONFIGURATION}-output-files.xcfilelist",
			);
			runOnlyForDeploymentPostprocessing = 0;
			shellPath = /bin/sh;
			shellScript = "\"${PODS_ROOT}/Target Support Files/Pods-zkSync-Demo/Pods-zkSync-Demo-frameworks.sh\"\n";
			showEnvVarsInLog = 0;
		};
/* End PBXShellScriptBuildPhase section */

/* Begin PBXSourcesBuildPhase section */
		FADECD6D2A10F7F5004E419A /* Sources */ = {
			isa = PBXSourcesBuildPhase;
			buildActionMask = 2147483647;
			files = (
				FA7CBEEF2A10F9EC005A7E58 /* ZkSyncNetwork.swift in Sources */,
				FA7CBEFA2A10F9EC005A7E58 /* EthereumKeystoreV3.swift in Sources */,
				FA7CBED82A10F9EC005A7E58 /* EIP712Encoder.swift in Sources */,
				FA7CBEDD2A10F9EC005A7E58 /* TransactionResponse.swift in Sources */,
				FA8FD8A12A4F83E100D0EB17 /* WithdrawManager.swift in Sources */,
				FA7CBEFE2A10F9EC005A7E58 /* DateFormatter.swift in Sources */,
				FA7CBED72A10F9EC005A7E58 /* EthSigner.swift in Sources */,
				FA8FD89D2A4F83E100D0EB17 /* SmartAccountManager.swift in Sources */,
				FA7CBEE22A10F9EC005A7E58 /* BridgeAddresses.swift in Sources */,
				FA7CBEF02A10F9EC005A7E58 /* ZkBlockParameterName.swift in Sources */,
				FA7CBEE12A10F9EC005A7E58 /* TransactionDetails.swift in Sources */,
				FA7CBED42A10F9EC005A7E58 /* IL2Bridge.swift in Sources */,
				FA7CBF012A10F9EC005A7E58 /* EthereumTransaction.swift in Sources */,
				FA7CBEE92A10F9EC005A7E58 /* ContractDeployer.swift in Sources */,
				FA8FD8A02A4F83E100D0EB17 /* TokenManager.swift in Sources */,
				FA7CBEF62A10F9EC005A7E58 /* ZkSync.swift in Sources */,
				FA7CBF072A110E3D005A7E58 /* ContentViewModel.swift in Sources */,
				FA7CBEEB2A10F9EC005A7E58 /* ContractUtils.swift in Sources */,
				FA7CBEFC2A10F9EC005A7E58 /* BigUInt.swift in Sources */,
				FA7CBEEC2A10F9EC005A7E58 /* ZkSyncAddresses.swift in Sources */,
				FA8FD89F2A4F83E100D0EB17 /* BaseManager.swift in Sources */,
				FA7CBEFB2A10F9EC005A7E58 /* EthereumAddress.swift in Sources */,
				FA7CBECE2A10F9EC005A7E58 /* DefaultTransactionFeeProvider.swift in Sources */,
				FADECD772A10F7F5004E419A /* ContentView.swift in Sources */,
				FA8FD8A22A4F83E100D0EB17 /* TransferManager.swift in Sources */,
				FA7CBF002A10F9EC005A7E58 /* PromiseKit.swift in Sources */,
				FA7CBED52A10F9EC005A7E58 /* NonceHolder.swift in Sources */,
				FA8FD8A32A4F83E100D0EB17 /* PaymasterManager.swift in Sources */,
				FA7CBED32A10F9EC005A7E58 /* IL1Bridge.swift in Sources */,
				FA7CBEFF2A10F9EC005A7E58 /* Numeric.swift in Sources */,
				FA7CBEF92A10F9EC005A7E58 /* JsonRpc2_0ZkSync+Promise.swift in Sources */,
				FA7CBF022A10F9EC005A7E58 /* ZkSyncWallet.swift in Sources */,
				FA7CBEF72A10F9EC005A7E58 /* Data.swift in Sources */,
				FA7CBEF42A10F9EC005A7E58 /* DefaultEthereumProvider.swift in Sources */,
				FA7CBECD2A10F9EC005A7E58 /* Fee.swift in Sources */,
				FA7CBEDB2A10F9EC005A7E58 /* Log.swift in Sources */,
				FA7CBED22A10F9EC005A7E58 /* IZkSync.swift in Sources */,
				FA7CBEE32A10F9EC005A7E58 /* BlockDetails.swift in Sources */,
				FA7CBEF22A10F9EC005A7E58 /* JsonRpc2_0ZkSync.swift in Sources */,
				FA7CBEF52A10F9EC005A7E58 /* ContractGasProvider.swift in Sources */,
				FAF7A9662A3C7AEF000B02E4 /* AccountAbstraction.swift in Sources */,
				FA7CBED92A10F9EC005A7E58 /* Structurable.swift in Sources */,
				FA7CBEDC2A10F9EC005A7E58 /* JRPCResponse.swift in Sources */,
				FA7CBEE72A10F9EC005A7E58 /* JRPCCounter.swift in Sources */,
				FA7CBEE62A10F9EC005A7E58 /* JRPCRequest.swift in Sources */,
				FA8FD8A42A4F83E100D0EB17 /* SmartContractManager.swift in Sources */,
				FADECD752A10F7F5004E419A /* zkSync_DemoApp.swift in Sources */,
				FA8FD89E2A4F83E100D0EB17 /* DepositManager.swift in Sources */,
				FA7CBEF12A10F9EC005A7E58 /* Token.swift in Sources */,
				FA7CBEEE2A10F9EC005A7E58 /* TokenId.swift in Sources */,
				FA7CBEED2A10F9EC005A7E58 /* Paymaster.swift in Sources */,
				FA7CBEE52A10F9EC005A7E58 /* TransactionStatus.swift in Sources */,
				FA7CBEDE2A10F9EC005A7E58 /* L2ToL1Log.swift in Sources */,
				FA7CBEDF2A10F9EC005A7E58 /* Block.swift in Sources */,
				FA7CBEF32A10F9EC005A7E58 /* EthereumProvider.swift in Sources */,
				FA7CBED02A10F9EC005A7E58 /* EthereumTransaction+EIP712.swift in Sources */,
				FA7CBEEA2A10F9EC005A7E58 /* ZkSyncABI.swift in Sources */,
				FAF7A96C2A3DE929000B02E4 /* ZkSyncTransactionReceiptProcessor.swift in Sources */,
				FA7CBEF82A10F9EC005A7E58 /* Web3Eth.swift in Sources */,
				FA7CBED62A10F9EC005A7E58 /* PrivateKeyEthSigner.swift in Sources */,
				FA7CBEE02A10F9EC005A7E58 /* L2ToL1MessageProof.swift in Sources */,
				FA7CBEE82A10F9EC005A7E58 /* HTTPTransport.swift in Sources */,
				FA7CBEDA2A10F9EC005A7E58 /* EIP712Domain.swift in Sources */,
				FA7CBEE42A10F9EC005A7E58 /* JRPCError.swift in Sources */,
				FA7CBEFD2A10F9EC005A7E58 /* String.swift in Sources */,
				FA7CBED12A10F9EC005A7E58 /* ERC20.swift in Sources */,
				FA7CBECF2A10F9EC005A7E58 /* ZkTransactionFeeProvider.swift in Sources */,
			);
			runOnlyForDeploymentPostprocessing = 0;
		};
/* End PBXSourcesBuildPhase section */

/* Begin XCBuildConfiguration section */
		FADECD7D2A10F7F6004E419A /* Debug */ = {
			isa = XCBuildConfiguration;
			buildSettings = {
				ALWAYS_SEARCH_USER_PATHS = NO;
				CLANG_ANALYZER_NONNULL = YES;
				CLANG_ANALYZER_NUMBER_OBJECT_CONVERSION = YES_AGGRESSIVE;
				CLANG_CXX_LANGUAGE_STANDARD = "gnu++20";
				CLANG_ENABLE_MODULES = YES;
				CLANG_ENABLE_OBJC_ARC = YES;
				CLANG_ENABLE_OBJC_WEAK = YES;
				CLANG_WARN_BLOCK_CAPTURE_AUTORELEASING = YES;
				CLANG_WARN_BOOL_CONVERSION = YES;
				CLANG_WARN_COMMA = YES;
				CLANG_WARN_CONSTANT_CONVERSION = YES;
				CLANG_WARN_DEPRECATED_OBJC_IMPLEMENTATIONS = YES;
				CLANG_WARN_DIRECT_OBJC_ISA_USAGE = YES_ERROR;
				CLANG_WARN_DOCUMENTATION_COMMENTS = YES;
				CLANG_WARN_EMPTY_BODY = YES;
				CLANG_WARN_ENUM_CONVERSION = YES;
				CLANG_WARN_INFINITE_RECURSION = YES;
				CLANG_WARN_INT_CONVERSION = YES;
				CLANG_WARN_NON_LITERAL_NULL_CONVERSION = YES;
				CLANG_WARN_OBJC_IMPLICIT_RETAIN_SELF = YES;
				CLANG_WARN_OBJC_LITERAL_CONVERSION = YES;
				CLANG_WARN_OBJC_ROOT_CLASS = YES_ERROR;
				CLANG_WARN_QUOTED_INCLUDE_IN_FRAMEWORK_HEADER = YES;
				CLANG_WARN_RANGE_LOOP_ANALYSIS = YES;
				CLANG_WARN_STRICT_PROTOTYPES = YES;
				CLANG_WARN_SUSPICIOUS_MOVE = YES;
				CLANG_WARN_UNGUARDED_AVAILABILITY = YES_AGGRESSIVE;
				CLANG_WARN_UNREACHABLE_CODE = YES;
				CLANG_WARN__DUPLICATE_METHOD_MATCH = YES;
				COPY_PHASE_STRIP = NO;
				DEBUG_INFORMATION_FORMAT = dwarf;
				ENABLE_STRICT_OBJC_MSGSEND = YES;
				ENABLE_TESTABILITY = YES;
				GCC_C_LANGUAGE_STANDARD = gnu11;
				GCC_DYNAMIC_NO_PIC = NO;
				GCC_NO_COMMON_BLOCKS = YES;
				GCC_OPTIMIZATION_LEVEL = 0;
				GCC_PREPROCESSOR_DEFINITIONS = (
					"DEBUG=1",
					"$(inherited)",
				);
				GCC_WARN_64_TO_32_BIT_CONVERSION = YES;
				GCC_WARN_ABOUT_RETURN_TYPE = YES_ERROR;
				GCC_WARN_UNDECLARED_SELECTOR = YES;
				GCC_WARN_UNINITIALIZED_AUTOS = YES_AGGRESSIVE;
				GCC_WARN_UNUSED_FUNCTION = YES;
				GCC_WARN_UNUSED_VARIABLE = YES;
				IPHONEOS_DEPLOYMENT_TARGET = 16.2;
				MTL_ENABLE_DEBUG_INFO = INCLUDE_SOURCE;
				MTL_FAST_MATH = YES;
				ONLY_ACTIVE_ARCH = YES;
				SDKROOT = iphoneos;
				SWIFT_ACTIVE_COMPILATION_CONDITIONS = DEBUG;
				SWIFT_OPTIMIZATION_LEVEL = "-Onone";
			};
			name = Debug;
		};
		FADECD7E2A10F7F6004E419A /* Release */ = {
			isa = XCBuildConfiguration;
			buildSettings = {
				ALWAYS_SEARCH_USER_PATHS = NO;
				CLANG_ANALYZER_NONNULL = YES;
				CLANG_ANALYZER_NUMBER_OBJECT_CONVERSION = YES_AGGRESSIVE;
				CLANG_CXX_LANGUAGE_STANDARD = "gnu++20";
				CLANG_ENABLE_MODULES = YES;
				CLANG_ENABLE_OBJC_ARC = YES;
				CLANG_ENABLE_OBJC_WEAK = YES;
				CLANG_WARN_BLOCK_CAPTURE_AUTORELEASING = YES;
				CLANG_WARN_BOOL_CONVERSION = YES;
				CLANG_WARN_COMMA = YES;
				CLANG_WARN_CONSTANT_CONVERSION = YES;
				CLANG_WARN_DEPRECATED_OBJC_IMPLEMENTATIONS = YES;
				CLANG_WARN_DIRECT_OBJC_ISA_USAGE = YES_ERROR;
				CLANG_WARN_DOCUMENTATION_COMMENTS = YES;
				CLANG_WARN_EMPTY_BODY = YES;
				CLANG_WARN_ENUM_CONVERSION = YES;
				CLANG_WARN_INFINITE_RECURSION = YES;
				CLANG_WARN_INT_CONVERSION = YES;
				CLANG_WARN_NON_LITERAL_NULL_CONVERSION = YES;
				CLANG_WARN_OBJC_IMPLICIT_RETAIN_SELF = YES;
				CLANG_WARN_OBJC_LITERAL_CONVERSION = YES;
				CLANG_WARN_OBJC_ROOT_CLASS = YES_ERROR;
				CLANG_WARN_QUOTED_INCLUDE_IN_FRAMEWORK_HEADER = YES;
				CLANG_WARN_RANGE_LOOP_ANALYSIS = YES;
				CLANG_WARN_STRICT_PROTOTYPES = YES;
				CLANG_WARN_SUSPICIOUS_MOVE = YES;
				CLANG_WARN_UNGUARDED_AVAILABILITY = YES_AGGRESSIVE;
				CLANG_WARN_UNREACHABLE_CODE = YES;
				CLANG_WARN__DUPLICATE_METHOD_MATCH = YES;
				COPY_PHASE_STRIP = NO;
				DEBUG_INFORMATION_FORMAT = "dwarf-with-dsym";
				ENABLE_NS_ASSERTIONS = NO;
				ENABLE_STRICT_OBJC_MSGSEND = YES;
				GCC_C_LANGUAGE_STANDARD = gnu11;
				GCC_NO_COMMON_BLOCKS = YES;
				GCC_WARN_64_TO_32_BIT_CONVERSION = YES;
				GCC_WARN_ABOUT_RETURN_TYPE = YES_ERROR;
				GCC_WARN_UNDECLARED_SELECTOR = YES;
				GCC_WARN_UNINITIALIZED_AUTOS = YES_AGGRESSIVE;
				GCC_WARN_UNUSED_FUNCTION = YES;
				GCC_WARN_UNUSED_VARIABLE = YES;
				IPHONEOS_DEPLOYMENT_TARGET = 16.2;
				MTL_ENABLE_DEBUG_INFO = NO;
				MTL_FAST_MATH = YES;
				SDKROOT = iphoneos;
				SWIFT_COMPILATION_MODE = wholemodule;
				SWIFT_OPTIMIZATION_LEVEL = "-O";
				VALIDATE_PRODUCT = YES;
			};
			name = Release;
		};
		FADECD802A10F7F6004E419A /* Debug */ = {
			isa = XCBuildConfiguration;
			baseConfigurationReference = 6DB940447B8DD4B43A8076F6 /* Pods-zkSync-Demo.debug.xcconfig */;
			buildSettings = {
				ASSETCATALOG_COMPILER_APPICON_NAME = AppIcon;
				ASSETCATALOG_COMPILER_GLOBAL_ACCENT_COLOR_NAME = AccentColor;
				CODE_SIGN_STYLE = Automatic;
				CURRENT_PROJECT_VERSION = 1;
				DEVELOPMENT_ASSET_PATHS = "\"zkSync-Demo/App/Preview Content\"";
				ENABLE_PREVIEWS = YES;
				GENERATE_INFOPLIST_FILE = YES;
				INFOPLIST_KEY_UIApplicationSceneManifest_Generation = YES;
				INFOPLIST_KEY_UIApplicationSupportsIndirectInputEvents = YES;
				INFOPLIST_KEY_UILaunchScreen_Generation = YES;
				INFOPLIST_KEY_UISupportedInterfaceOrientations_iPad = "UIInterfaceOrientationPortrait UIInterfaceOrientationPortraitUpsideDown UIInterfaceOrientationLandscapeLeft UIInterfaceOrientationLandscapeRight";
				INFOPLIST_KEY_UISupportedInterfaceOrientations_iPhone = "UIInterfaceOrientationPortrait UIInterfaceOrientationLandscapeLeft UIInterfaceOrientationLandscapeRight";
				LD_RUNPATH_SEARCH_PATHS = (
					"$(inherited)",
					"@executable_path/Frameworks",
				);
				MARKETING_VERSION = 1.0;
				PRODUCT_BUNDLE_IDENTIFIER = "zksync-sdk.zkSync-Demo";
				PRODUCT_NAME = "$(TARGET_NAME)";
				SWIFT_EMIT_LOC_STRINGS = YES;
				SWIFT_VERSION = 5.0;
				TARGETED_DEVICE_FAMILY = "1,2";
			};
			name = Debug;
		};
		FADECD812A10F7F6004E419A /* Release */ = {
			isa = XCBuildConfiguration;
			baseConfigurationReference = E5BD129B0F73644A440158C4 /* Pods-zkSync-Demo.release.xcconfig */;
			buildSettings = {
				ASSETCATALOG_COMPILER_APPICON_NAME = AppIcon;
				ASSETCATALOG_COMPILER_GLOBAL_ACCENT_COLOR_NAME = AccentColor;
				CODE_SIGN_STYLE = Automatic;
				CURRENT_PROJECT_VERSION = 1;
				DEVELOPMENT_ASSET_PATHS = "\"zkSync-Demo/App/Preview Content\"";
				ENABLE_PREVIEWS = YES;
				GENERATE_INFOPLIST_FILE = YES;
				INFOPLIST_KEY_UIApplicationSceneManifest_Generation = YES;
				INFOPLIST_KEY_UIApplicationSupportsIndirectInputEvents = YES;
				INFOPLIST_KEY_UILaunchScreen_Generation = YES;
				INFOPLIST_KEY_UISupportedInterfaceOrientations_iPad = "UIInterfaceOrientationPortrait UIInterfaceOrientationPortraitUpsideDown UIInterfaceOrientationLandscapeLeft UIInterfaceOrientationLandscapeRight";
				INFOPLIST_KEY_UISupportedInterfaceOrientations_iPhone = "UIInterfaceOrientationPortrait UIInterfaceOrientationLandscapeLeft UIInterfaceOrientationLandscapeRight";
				LD_RUNPATH_SEARCH_PATHS = (
					"$(inherited)",
					"@executable_path/Frameworks",
				);
				MARKETING_VERSION = 1.0;
				PRODUCT_BUNDLE_IDENTIFIER = "zksync-sdk.zkSync-Demo";
				PRODUCT_NAME = "$(TARGET_NAME)";
				SWIFT_EMIT_LOC_STRINGS = YES;
				SWIFT_VERSION = 5.0;
				TARGETED_DEVICE_FAMILY = "1,2";
			};
			name = Release;
		};
/* End XCBuildConfiguration section */

/* Begin XCConfigurationList section */
		FADECD6C2A10F7F5004E419A /* Build configuration list for PBXProject "zkSync-Demo" */ = {
			isa = XCConfigurationList;
			buildConfigurations = (
				FADECD7D2A10F7F6004E419A /* Debug */,
				FADECD7E2A10F7F6004E419A /* Release */,
			);
			defaultConfigurationIsVisible = 0;
			defaultConfigurationName = Release;
		};
		FADECD7F2A10F7F6004E419A /* Build configuration list for PBXNativeTarget "zkSync-Demo" */ = {
			isa = XCConfigurationList;
			buildConfigurations = (
				FADECD802A10F7F6004E419A /* Debug */,
				FADECD812A10F7F6004E419A /* Release */,
			);
			defaultConfigurationIsVisible = 0;
			defaultConfigurationName = Release;
		};
/* End XCConfigurationList section */
	};
	rootObject = FADECD692A10F7F5004E419A /* Project object */;
}
