// !$*UTF8*$!
{
	archiveVersion = 1;
	classes = {
	};
	objectVersion = 56;
	objects = {

/* Begin PBXBuildFile section */
		D3AF00CC77906F8DF6FCA999 /* Pods_zkSync2_swift.framework in Frameworks */ = {isa = PBXBuildFile; fileRef = AC3AFC222417B02533E57F4A /* Pods_zkSync2_swift.framework */; };
		FA2816482A55B5F0005090BC /* IEthToken.swift in Sources */ = {isa = PBXBuildFile; fileRef = FA2816472A55B5F0005090BC /* IEthToken.swift */; };
		FA28164A2A55B697005090BC /* IL1Messenger.swift in Sources */ = {isa = PBXBuildFile; fileRef = FA2816492A55B697005090BC /* IL1Messenger.swift */; };
		FA28164C2A55B6F7005090BC /* LToken.swift in Sources */ = {isa = PBXBuildFile; fileRef = FA28164B2A55B6F7005090BC /* LToken.swift */; };
		FACC39E72A557B3B00DDE38D /* ZkSyncWallet.swift in Sources */ = {isa = PBXBuildFile; fileRef = FACC399F2A557B3A00DDE38D /* ZkSyncWallet.swift */; };
		FACC39E82A557B3B00DDE38D /* ContractDeployer.swift in Sources */ = {isa = PBXBuildFile; fileRef = FACC39A12A557B3A00DDE38D /* ContractDeployer.swift */; };
		FACC39E92A557B3B00DDE38D /* ZkSyncABI.swift in Sources */ = {isa = PBXBuildFile; fileRef = FACC39A22A557B3A00DDE38D /* ZkSyncABI.swift */; };
		FACC39EA2A557B3B00DDE38D /* ContractUtils.swift in Sources */ = {isa = PBXBuildFile; fileRef = FACC39A32A557B3A00DDE38D /* ContractUtils.swift */; };
		FACC39EB2A557B3B00DDE38D /* ZkSyncAddresses.swift in Sources */ = {isa = PBXBuildFile; fileRef = FACC39A42A557B3A00DDE38D /* ZkSyncAddresses.swift */; };
		FACC39EC2A557B3B00DDE38D /* Paymaster.swift in Sources */ = {isa = PBXBuildFile; fileRef = FACC39A52A557B3A00DDE38D /* Paymaster.swift */; };
		FACC39ED2A557B3B00DDE38D /* AccountAbstraction.swift in Sources */ = {isa = PBXBuildFile; fileRef = FACC39A62A557B3A00DDE38D /* AccountAbstraction.swift */; };
		FACC39EE2A557B3B00DDE38D /* ZkSyncTransactionReceiptProcessor.swift in Sources */ = {isa = PBXBuildFile; fileRef = FACC39A72A557B3A00DDE38D /* ZkSyncTransactionReceiptProcessor.swift */; };
		FACC39EF2A557B3B00DDE38D /* HTTPTransport.swift in Sources */ = {isa = PBXBuildFile; fileRef = FACC39A92A557B3A00DDE38D /* HTTPTransport.swift */; };
		FACC39F02A557B3B00DDE38D /* Fee.swift in Sources */ = {isa = PBXBuildFile; fileRef = FACC39AC2A557B3A00DDE38D /* Fee.swift */; };
		FACC39F12A557B3B00DDE38D /* DefaultTransactionFeeProvider.swift in Sources */ = {isa = PBXBuildFile; fileRef = FACC39AD2A557B3A00DDE38D /* DefaultTransactionFeeProvider.swift */; };
		FACC39F22A557B3B00DDE38D /* ZkTransactionFeeProvider.swift in Sources */ = {isa = PBXBuildFile; fileRef = FACC39AE2A557B3A00DDE38D /* ZkTransactionFeeProvider.swift */; };
		FACC39F32A557B3B00DDE38D /* EthereumTransaction+EIP712.swift in Sources */ = {isa = PBXBuildFile; fileRef = FACC39B02A557B3A00DDE38D /* EthereumTransaction+EIP712.swift */; };
		FACC39F42A557B3B00DDE38D /* ERC20.swift in Sources */ = {isa = PBXBuildFile; fileRef = FACC39B22A557B3A00DDE38D /* ERC20.swift */; };
		FACC39F52A557B3B00DDE38D /* IZkSync.swift in Sources */ = {isa = PBXBuildFile; fileRef = FACC39B32A557B3A00DDE38D /* IZkSync.swift */; };
		FACC39F62A557B3B00DDE38D /* IL1Bridge.swift in Sources */ = {isa = PBXBuildFile; fileRef = FACC39B42A557B3A00DDE38D /* IL1Bridge.swift */; };
		FACC39F72A557B3B00DDE38D /* IL2Bridge.swift in Sources */ = {isa = PBXBuildFile; fileRef = FACC39B52A557B3A00DDE38D /* IL2Bridge.swift */; };
		FACC39F82A557B3B00DDE38D /* NonceHolder.swift in Sources */ = {isa = PBXBuildFile; fileRef = FACC39B62A557B3A00DDE38D /* NonceHolder.swift */; };
		FACC39F92A557B3B00DDE38D /* Log.swift in Sources */ = {isa = PBXBuildFile; fileRef = FACC39B92A557B3A00DDE38D /* Log.swift */; };
		FACC39FA2A557B3B00DDE38D /* JRPCResponse.swift in Sources */ = {isa = PBXBuildFile; fileRef = FACC39BA2A557B3A00DDE38D /* JRPCResponse.swift */; };
		FACC39FB2A557B3B00DDE38D /* TransactionResponse.swift in Sources */ = {isa = PBXBuildFile; fileRef = FACC39BB2A557B3A00DDE38D /* TransactionResponse.swift */; };
		FACC39FC2A557B3B00DDE38D /* L2ToL1Log.swift in Sources */ = {isa = PBXBuildFile; fileRef = FACC39BC2A557B3A00DDE38D /* L2ToL1Log.swift */; };
		FACC39FD2A557B3B00DDE38D /* Block.swift in Sources */ = {isa = PBXBuildFile; fileRef = FACC39BD2A557B3A00DDE38D /* Block.swift */; };
		FACC39FE2A557B3B00DDE38D /* L2ToL1MessageProof.swift in Sources */ = {isa = PBXBuildFile; fileRef = FACC39BE2A557B3A00DDE38D /* L2ToL1MessageProof.swift */; };
		FACC39FF2A557B3B00DDE38D /* TransactionDetails.swift in Sources */ = {isa = PBXBuildFile; fileRef = FACC39BF2A557B3A00DDE38D /* TransactionDetails.swift */; };
		FACC3A002A557B3B00DDE38D /* BridgeAddresses.swift in Sources */ = {isa = PBXBuildFile; fileRef = FACC39C02A557B3A00DDE38D /* BridgeAddresses.swift */; };
		FACC3A012A557B3B00DDE38D /* BlockDetails.swift in Sources */ = {isa = PBXBuildFile; fileRef = FACC39C12A557B3A00DDE38D /* BlockDetails.swift */; };
		FACC3A022A557B3B00DDE38D /* JRPCError.swift in Sources */ = {isa = PBXBuildFile; fileRef = FACC39C22A557B3A00DDE38D /* JRPCError.swift */; };
		FACC3A032A557B3B00DDE38D /* TransactionStatus.swift in Sources */ = {isa = PBXBuildFile; fileRef = FACC39C32A557B3A00DDE38D /* TransactionStatus.swift */; };
		FACC3A042A557B3B00DDE38D /* JRPCRequest.swift in Sources */ = {isa = PBXBuildFile; fileRef = FACC39C52A557B3A00DDE38D /* JRPCRequest.swift */; };
		FACC3A052A557B3B00DDE38D /* JRPCCounter.swift in Sources */ = {isa = PBXBuildFile; fileRef = FACC39C62A557B3A00DDE38D /* JRPCCounter.swift */; };
		FACC3A062A557B3B00DDE38D /* TokenId.swift in Sources */ = {isa = PBXBuildFile; fileRef = FACC39C92A557B3A00DDE38D /* TokenId.swift */; };
		FACC3A072A557B3B00DDE38D /* ZkSyncNetwork.swift in Sources */ = {isa = PBXBuildFile; fileRef = FACC39CA2A557B3A00DDE38D /* ZkSyncNetwork.swift */; };
		FACC3A082A557B3B00DDE38D /* ZkBlockParameterName.swift in Sources */ = {isa = PBXBuildFile; fileRef = FACC39CB2A557B3A00DDE38D /* ZkBlockParameterName.swift */; };
		FACC3A092A557B3B00DDE38D /* Token.swift in Sources */ = {isa = PBXBuildFile; fileRef = FACC39CC2A557B3A00DDE38D /* Token.swift */; };
		FACC3A0A2A557B3B00DDE38D /* ZkSyncImpl.swift in Sources */ = {isa = PBXBuildFile; fileRef = FACC39CD2A557B3A00DDE38D /* ZkSyncImpl.swift */; };
		FACC3A0B2A557B3B00DDE38D /* EthereumProvider.swift in Sources */ = {isa = PBXBuildFile; fileRef = FACC39CF2A557B3A00DDE38D /* EthereumProvider.swift */; };
		FACC3A0C2A557B3B00DDE38D /* DefaultEthereumProvider.swift in Sources */ = {isa = PBXBuildFile; fileRef = FACC39D02A557B3A00DDE38D /* DefaultEthereumProvider.swift */; };
		FACC3A0D2A557B3B00DDE38D /* ContractGasProvider.swift in Sources */ = {isa = PBXBuildFile; fileRef = FACC39D12A557B3A00DDE38D /* ContractGasProvider.swift */; };
		FACC3A0E2A557B3B00DDE38D /* ZkSync.swift in Sources */ = {isa = PBXBuildFile; fileRef = FACC39D22A557B3A00DDE38D /* ZkSync.swift */; };
		FACC3A0F2A557B3B00DDE38D /* Data.swift in Sources */ = {isa = PBXBuildFile; fileRef = FACC39D42A557B3A00DDE38D /* Data.swift */; };
		FACC3A102A557B3B00DDE38D /* Web3Eth.swift in Sources */ = {isa = PBXBuildFile; fileRef = FACC39D52A557B3A00DDE38D /* Web3Eth.swift */; };
		FACC3A112A557B3B00DDE38D /* ZkSyncImpl+Promise.swift in Sources */ = {isa = PBXBuildFile; fileRef = FACC39D62A557B3A00DDE38D /* ZkSyncImpl+Promise.swift */; };
		FACC3A122A557B3B00DDE38D /* EthereumKeystoreV3.swift in Sources */ = {isa = PBXBuildFile; fileRef = FACC39D72A557B3A00DDE38D /* EthereumKeystoreV3.swift */; };
		FACC3A132A557B3B00DDE38D /* EthereumAddress.swift in Sources */ = {isa = PBXBuildFile; fileRef = FACC39D82A557B3A00DDE38D /* EthereumAddress.swift */; };
		FACC3A142A557B3B00DDE38D /* BigUInt.swift in Sources */ = {isa = PBXBuildFile; fileRef = FACC39D92A557B3A00DDE38D /* BigUInt.swift */; };
		FACC3A152A557B3B00DDE38D /* String.swift in Sources */ = {isa = PBXBuildFile; fileRef = FACC39DA2A557B3A00DDE38D /* String.swift */; };
		FACC3A162A557B3B00DDE38D /* DateFormatter.swift in Sources */ = {isa = PBXBuildFile; fileRef = FACC39DB2A557B3A00DDE38D /* DateFormatter.swift */; };
		FACC3A172A557B3B00DDE38D /* Numeric.swift in Sources */ = {isa = PBXBuildFile; fileRef = FACC39DC2A557B3A00DDE38D /* Numeric.swift */; };
		FACC3A182A557B3B00DDE38D /* PromiseKit.swift in Sources */ = {isa = PBXBuildFile; fileRef = FACC39DD2A557B3A00DDE38D /* PromiseKit.swift */; };
		FACC3A192A557B3B00DDE38D /* EthereumTransaction.swift in Sources */ = {isa = PBXBuildFile; fileRef = FACC39DE2A557B3A00DDE38D /* EthereumTransaction.swift */; };
		FACC3A1A2A557B3B00DDE38D /* PrivateKeyEthSigner.swift in Sources */ = {isa = PBXBuildFile; fileRef = FACC39E12A557B3A00DDE38D /* PrivateKeyEthSigner.swift */; };
		FACC3A1B2A557B3B00DDE38D /* EthSigner.swift in Sources */ = {isa = PBXBuildFile; fileRef = FACC39E22A557B3A00DDE38D /* EthSigner.swift */; };
		FACC3A1C2A557B3B00DDE38D /* EIP712Encoder.swift in Sources */ = {isa = PBXBuildFile; fileRef = FACC39E42A557B3A00DDE38D /* EIP712Encoder.swift */; };
		FACC3A1D2A557B3B00DDE38D /* Structurable.swift in Sources */ = {isa = PBXBuildFile; fileRef = FACC39E52A557B3A00DDE38D /* Structurable.swift */; };
		FACC3A1E2A557B3B00DDE38D /* EIP712Domain.swift in Sources */ = {isa = PBXBuildFile; fileRef = FACC39E62A557B3A00DDE38D /* EIP712Domain.swift */; };
/* End PBXBuildFile section */

/* Begin PBXFileReference section */
		2B9D9C1734A04CB9B378037F /* Pods-zkSync2-swift.debug.xcconfig */ = {isa = PBXFileReference; includeInIndex = 1; lastKnownFileType = text.xcconfig; name = "Pods-zkSync2-swift.debug.xcconfig"; path = "Target Support Files/Pods-zkSync2-swift/Pods-zkSync2-swift.debug.xcconfig"; sourceTree = "<group>"; };
		6B6F1E04E1FA5D8956CFD2C1 /* Pods-ZkSync2.release.xcconfig */ = {isa = PBXFileReference; includeInIndex = 1; lastKnownFileType = text.xcconfig; name = "Pods-ZkSync2.release.xcconfig"; path = "Target Support Files/Pods-ZkSync2/Pods-ZkSync2.release.xcconfig"; sourceTree = "<group>"; };
		7135C85F6D1E252051188CDE /* Pods-zkSync2-swift.release.xcconfig */ = {isa = PBXFileReference; includeInIndex = 1; lastKnownFileType = text.xcconfig; name = "Pods-zkSync2-swift.release.xcconfig"; path = "Target Support Files/Pods-zkSync2-swift/Pods-zkSync2-swift.release.xcconfig"; sourceTree = "<group>"; };
		7D6B85B758B75629C78663C2 /* Pods-ZkSync2.debug.xcconfig */ = {isa = PBXFileReference; includeInIndex = 1; lastKnownFileType = text.xcconfig; name = "Pods-ZkSync2.debug.xcconfig"; path = "Target Support Files/Pods-ZkSync2/Pods-ZkSync2.debug.xcconfig"; sourceTree = "<group>"; };
		AC3AFC222417B02533E57F4A /* Pods_zkSync2_swift.framework */ = {isa = PBXFileReference; explicitFileType = wrapper.framework; includeInIndex = 0; path = Pods_zkSync2_swift.framework; sourceTree = BUILT_PRODUCTS_DIR; };
		FA2816472A55B5F0005090BC /* IEthToken.swift */ = {isa = PBXFileReference; lastKnownFileType = sourcecode.swift; path = IEthToken.swift; sourceTree = "<group>"; };
		FA2816492A55B697005090BC /* IL1Messenger.swift */ = {isa = PBXFileReference; lastKnownFileType = sourcecode.swift; path = IL1Messenger.swift; sourceTree = "<group>"; };
		FA28164B2A55B6F7005090BC /* LToken.swift */ = {isa = PBXFileReference; lastKnownFileType = sourcecode.swift; path = LToken.swift; sourceTree = "<group>"; };
		FACC39952A557B2100DDE38D /* zkSync2_swift.framework */ = {isa = PBXFileReference; explicitFileType = wrapper.framework; includeInIndex = 0; path = zkSync2_swift.framework; sourceTree = BUILT_PRODUCTS_DIR; };
		FACC399F2A557B3A00DDE38D /* ZkSyncWallet.swift */ = {isa = PBXFileReference; fileEncoding = 4; lastKnownFileType = sourcecode.swift; path = ZkSyncWallet.swift; sourceTree = "<group>"; };
		FACC39A12A557B3A00DDE38D /* ContractDeployer.swift */ = {isa = PBXFileReference; fileEncoding = 4; lastKnownFileType = sourcecode.swift; path = ContractDeployer.swift; sourceTree = "<group>"; };
		FACC39A22A557B3A00DDE38D /* ZkSyncABI.swift */ = {isa = PBXFileReference; fileEncoding = 4; lastKnownFileType = sourcecode.swift; path = ZkSyncABI.swift; sourceTree = "<group>"; };
		FACC39A32A557B3A00DDE38D /* ContractUtils.swift */ = {isa = PBXFileReference; fileEncoding = 4; lastKnownFileType = sourcecode.swift; path = ContractUtils.swift; sourceTree = "<group>"; };
		FACC39A42A557B3A00DDE38D /* ZkSyncAddresses.swift */ = {isa = PBXFileReference; fileEncoding = 4; lastKnownFileType = sourcecode.swift; path = ZkSyncAddresses.swift; sourceTree = "<group>"; };
		FACC39A52A557B3A00DDE38D /* Paymaster.swift */ = {isa = PBXFileReference; fileEncoding = 4; lastKnownFileType = sourcecode.swift; path = Paymaster.swift; sourceTree = "<group>"; };
		FACC39A62A557B3A00DDE38D /* AccountAbstraction.swift */ = {isa = PBXFileReference; fileEncoding = 4; lastKnownFileType = sourcecode.swift; path = AccountAbstraction.swift; sourceTree = "<group>"; };
		FACC39A72A557B3A00DDE38D /* ZkSyncTransactionReceiptProcessor.swift */ = {isa = PBXFileReference; fileEncoding = 4; lastKnownFileType = sourcecode.swift; path = ZkSyncTransactionReceiptProcessor.swift; sourceTree = "<group>"; };
		FACC39A92A557B3A00DDE38D /* HTTPTransport.swift */ = {isa = PBXFileReference; fileEncoding = 4; lastKnownFileType = sourcecode.swift; path = HTTPTransport.swift; sourceTree = "<group>"; };
		FACC39AC2A557B3A00DDE38D /* Fee.swift */ = {isa = PBXFileReference; fileEncoding = 4; lastKnownFileType = sourcecode.swift; path = Fee.swift; sourceTree = "<group>"; };
		FACC39AD2A557B3A00DDE38D /* DefaultTransactionFeeProvider.swift */ = {isa = PBXFileReference; fileEncoding = 4; lastKnownFileType = sourcecode.swift; path = DefaultTransactionFeeProvider.swift; sourceTree = "<group>"; };
		FACC39AE2A557B3A00DDE38D /* ZkTransactionFeeProvider.swift */ = {isa = PBXFileReference; fileEncoding = 4; lastKnownFileType = sourcecode.swift; path = ZkTransactionFeeProvider.swift; sourceTree = "<group>"; };
		FACC39B02A557B3A00DDE38D /* EthereumTransaction+EIP712.swift */ = {isa = PBXFileReference; fileEncoding = 4; lastKnownFileType = sourcecode.swift; path = "EthereumTransaction+EIP712.swift"; sourceTree = "<group>"; };
		FACC39B22A557B3A00DDE38D /* ERC20.swift */ = {isa = PBXFileReference; fileEncoding = 4; lastKnownFileType = sourcecode.swift; path = ERC20.swift; sourceTree = "<group>"; };
		FACC39B32A557B3A00DDE38D /* IZkSync.swift */ = {isa = PBXFileReference; fileEncoding = 4; lastKnownFileType = sourcecode.swift; path = IZkSync.swift; sourceTree = "<group>"; };
		FACC39B42A557B3A00DDE38D /* IL1Bridge.swift */ = {isa = PBXFileReference; fileEncoding = 4; lastKnownFileType = sourcecode.swift; path = IL1Bridge.swift; sourceTree = "<group>"; };
		FACC39B52A557B3A00DDE38D /* IL2Bridge.swift */ = {isa = PBXFileReference; fileEncoding = 4; lastKnownFileType = sourcecode.swift; path = IL2Bridge.swift; sourceTree = "<group>"; };
		FACC39B62A557B3A00DDE38D /* NonceHolder.swift */ = {isa = PBXFileReference; fileEncoding = 4; lastKnownFileType = sourcecode.swift; path = NonceHolder.swift; sourceTree = "<group>"; };
		FACC39B92A557B3A00DDE38D /* Log.swift */ = {isa = PBXFileReference; fileEncoding = 4; lastKnownFileType = sourcecode.swift; path = Log.swift; sourceTree = "<group>"; };
		FACC39BA2A557B3A00DDE38D /* JRPCResponse.swift */ = {isa = PBXFileReference; fileEncoding = 4; lastKnownFileType = sourcecode.swift; path = JRPCResponse.swift; sourceTree = "<group>"; };
		FACC39BB2A557B3A00DDE38D /* TransactionResponse.swift */ = {isa = PBXFileReference; fileEncoding = 4; lastKnownFileType = sourcecode.swift; path = TransactionResponse.swift; sourceTree = "<group>"; };
		FACC39BC2A557B3A00DDE38D /* L2ToL1Log.swift */ = {isa = PBXFileReference; fileEncoding = 4; lastKnownFileType = sourcecode.swift; path = L2ToL1Log.swift; sourceTree = "<group>"; };
		FACC39BD2A557B3A00DDE38D /* Block.swift */ = {isa = PBXFileReference; fileEncoding = 4; lastKnownFileType = sourcecode.swift; path = Block.swift; sourceTree = "<group>"; };
		FACC39BE2A557B3A00DDE38D /* L2ToL1MessageProof.swift */ = {isa = PBXFileReference; fileEncoding = 4; lastKnownFileType = sourcecode.swift; path = L2ToL1MessageProof.swift; sourceTree = "<group>"; };
		FACC39BF2A557B3A00DDE38D /* TransactionDetails.swift */ = {isa = PBXFileReference; fileEncoding = 4; lastKnownFileType = sourcecode.swift; path = TransactionDetails.swift; sourceTree = "<group>"; };
		FACC39C02A557B3A00DDE38D /* BridgeAddresses.swift */ = {isa = PBXFileReference; fileEncoding = 4; lastKnownFileType = sourcecode.swift; path = BridgeAddresses.swift; sourceTree = "<group>"; };
		FACC39C12A557B3A00DDE38D /* BlockDetails.swift */ = {isa = PBXFileReference; fileEncoding = 4; lastKnownFileType = sourcecode.swift; path = BlockDetails.swift; sourceTree = "<group>"; };
		FACC39C22A557B3A00DDE38D /* JRPCError.swift */ = {isa = PBXFileReference; fileEncoding = 4; lastKnownFileType = sourcecode.swift; path = JRPCError.swift; sourceTree = "<group>"; };
		FACC39C32A557B3A00DDE38D /* TransactionStatus.swift */ = {isa = PBXFileReference; fileEncoding = 4; lastKnownFileType = sourcecode.swift; path = TransactionStatus.swift; sourceTree = "<group>"; };
		FACC39C52A557B3A00DDE38D /* JRPCRequest.swift */ = {isa = PBXFileReference; fileEncoding = 4; lastKnownFileType = sourcecode.swift; path = JRPCRequest.swift; sourceTree = "<group>"; };
		FACC39C62A557B3A00DDE38D /* JRPCCounter.swift */ = {isa = PBXFileReference; fileEncoding = 4; lastKnownFileType = sourcecode.swift; path = JRPCCounter.swift; sourceTree = "<group>"; };
		FACC39C92A557B3A00DDE38D /* TokenId.swift */ = {isa = PBXFileReference; fileEncoding = 4; lastKnownFileType = sourcecode.swift; path = TokenId.swift; sourceTree = "<group>"; };
		FACC39CA2A557B3A00DDE38D /* ZkSyncNetwork.swift */ = {isa = PBXFileReference; fileEncoding = 4; lastKnownFileType = sourcecode.swift; path = ZkSyncNetwork.swift; sourceTree = "<group>"; };
		FACC39CB2A557B3A00DDE38D /* ZkBlockParameterName.swift */ = {isa = PBXFileReference; fileEncoding = 4; lastKnownFileType = sourcecode.swift; path = ZkBlockParameterName.swift; sourceTree = "<group>"; };
		FACC39CC2A557B3A00DDE38D /* Token.swift */ = {isa = PBXFileReference; fileEncoding = 4; lastKnownFileType = sourcecode.swift; path = Token.swift; sourceTree = "<group>"; };
		FACC39CD2A557B3A00DDE38D /* ZkSyncImpl.swift */ = {isa = PBXFileReference; fileEncoding = 4; lastKnownFileType = sourcecode.swift; path = ZkSyncImpl.swift; sourceTree = "<group>"; };
		FACC39CF2A557B3A00DDE38D /* EthereumProvider.swift */ = {isa = PBXFileReference; fileEncoding = 4; lastKnownFileType = sourcecode.swift; path = EthereumProvider.swift; sourceTree = "<group>"; };
		FACC39D02A557B3A00DDE38D /* DefaultEthereumProvider.swift */ = {isa = PBXFileReference; fileEncoding = 4; lastKnownFileType = sourcecode.swift; path = DefaultEthereumProvider.swift; sourceTree = "<group>"; };
		FACC39D12A557B3A00DDE38D /* ContractGasProvider.swift */ = {isa = PBXFileReference; fileEncoding = 4; lastKnownFileType = sourcecode.swift; path = ContractGasProvider.swift; sourceTree = "<group>"; };
		FACC39D22A557B3A00DDE38D /* ZkSync.swift */ = {isa = PBXFileReference; fileEncoding = 4; lastKnownFileType = sourcecode.swift; path = ZkSync.swift; sourceTree = "<group>"; };
		FACC39D42A557B3A00DDE38D /* Data.swift */ = {isa = PBXFileReference; fileEncoding = 4; lastKnownFileType = sourcecode.swift; path = Data.swift; sourceTree = "<group>"; };
		FACC39D52A557B3A00DDE38D /* Web3Eth.swift */ = {isa = PBXFileReference; fileEncoding = 4; lastKnownFileType = sourcecode.swift; path = Web3Eth.swift; sourceTree = "<group>"; };
		FACC39D62A557B3A00DDE38D /* ZkSyncImpl+Promise.swift */ = {isa = PBXFileReference; fileEncoding = 4; lastKnownFileType = sourcecode.swift; path = "ZkSyncImpl+Promise.swift"; sourceTree = "<group>"; };
		FACC39D72A557B3A00DDE38D /* EthereumKeystoreV3.swift */ = {isa = PBXFileReference; fileEncoding = 4; lastKnownFileType = sourcecode.swift; path = EthereumKeystoreV3.swift; sourceTree = "<group>"; };
		FACC39D82A557B3A00DDE38D /* EthereumAddress.swift */ = {isa = PBXFileReference; fileEncoding = 4; lastKnownFileType = sourcecode.swift; path = EthereumAddress.swift; sourceTree = "<group>"; };
		FACC39D92A557B3A00DDE38D /* BigUInt.swift */ = {isa = PBXFileReference; fileEncoding = 4; lastKnownFileType = sourcecode.swift; path = BigUInt.swift; sourceTree = "<group>"; };
		FACC39DA2A557B3A00DDE38D /* String.swift */ = {isa = PBXFileReference; fileEncoding = 4; lastKnownFileType = sourcecode.swift; path = String.swift; sourceTree = "<group>"; };
		FACC39DB2A557B3A00DDE38D /* DateFormatter.swift */ = {isa = PBXFileReference; fileEncoding = 4; lastKnownFileType = sourcecode.swift; path = DateFormatter.swift; sourceTree = "<group>"; };
		FACC39DC2A557B3A00DDE38D /* Numeric.swift */ = {isa = PBXFileReference; fileEncoding = 4; lastKnownFileType = sourcecode.swift; path = Numeric.swift; sourceTree = "<group>"; };
		FACC39DD2A557B3A00DDE38D /* PromiseKit.swift */ = {isa = PBXFileReference; fileEncoding = 4; lastKnownFileType = sourcecode.swift; path = PromiseKit.swift; sourceTree = "<group>"; };
		FACC39DE2A557B3A00DDE38D /* EthereumTransaction.swift */ = {isa = PBXFileReference; fileEncoding = 4; lastKnownFileType = sourcecode.swift; path = EthereumTransaction.swift; sourceTree = "<group>"; };
		FACC39E12A557B3A00DDE38D /* PrivateKeyEthSigner.swift */ = {isa = PBXFileReference; fileEncoding = 4; lastKnownFileType = sourcecode.swift; path = PrivateKeyEthSigner.swift; sourceTree = "<group>"; };
		FACC39E22A557B3A00DDE38D /* EthSigner.swift */ = {isa = PBXFileReference; fileEncoding = 4; lastKnownFileType = sourcecode.swift; path = EthSigner.swift; sourceTree = "<group>"; };
		FACC39E42A557B3A00DDE38D /* EIP712Encoder.swift */ = {isa = PBXFileReference; fileEncoding = 4; lastKnownFileType = sourcecode.swift; path = EIP712Encoder.swift; sourceTree = "<group>"; };
		FACC39E52A557B3A00DDE38D /* Structurable.swift */ = {isa = PBXFileReference; fileEncoding = 4; lastKnownFileType = sourcecode.swift; path = Structurable.swift; sourceTree = "<group>"; };
		FACC39E62A557B3A00DDE38D /* EIP712Domain.swift */ = {isa = PBXFileReference; fileEncoding = 4; lastKnownFileType = sourcecode.swift; path = EIP712Domain.swift; sourceTree = "<group>"; };
/* End PBXFileReference section */

/* Begin PBXFrameworksBuildPhase section */
		FACC39922A557B2100DDE38D /* Frameworks */ = {
			isa = PBXFrameworksBuildPhase;
			buildActionMask = 2147483647;
			files = (
				D3AF00CC77906F8DF6FCA999 /* Pods_zkSync2_swift.framework in Frameworks */,
			);
			runOnlyForDeploymentPostprocessing = 0;
		};
/* End PBXFrameworksBuildPhase section */

/* Begin PBXGroup section */
		08F8C62AB2FABD11E5E0B52D /* Frameworks */ = {
			isa = PBXGroup;
			children = (
				AC3AFC222417B02533E57F4A /* Pods_zkSync2_swift.framework */,
			);
			name = Frameworks;
			sourceTree = "<group>";
		};
		7224B9D2F78606D8E901EBB0 /* Pods */ = {
			isa = PBXGroup;
			children = (
				7D6B85B758B75629C78663C2 /* Pods-ZkSync2.debug.xcconfig */,
				6B6F1E04E1FA5D8956CFD2C1 /* Pods-ZkSync2.release.xcconfig */,
				2B9D9C1734A04CB9B378037F /* Pods-zkSync2-swift.debug.xcconfig */,
				7135C85F6D1E252051188CDE /* Pods-zkSync2-swift.release.xcconfig */,
			);
			name = Pods;
			path = ../../Examples/Local/Pods;
			sourceTree = "<group>";
		};
		FACC398B2A557B2100DDE38D = {
			isa = PBXGroup;
			children = (
				FACC39972A557B2100DDE38D /* ZkSync2 */,
				FACC39962A557B2100DDE38D /* Products */,
				08F8C62AB2FABD11E5E0B52D /* Frameworks */,
				7224B9D2F78606D8E901EBB0 /* Pods */,
			);
			sourceTree = "<group>";
		};
		FACC39962A557B2100DDE38D /* Products */ = {
			isa = PBXGroup;
			children = (
				FACC39952A557B2100DDE38D /* zkSync2_swift.framework */,
			);
			name = Products;
			sourceTree = "<group>";
		};
		FACC39972A557B2100DDE38D /* ZkSync2 */ = {
			isa = PBXGroup;
			children = (
				FACC39DF2A557B3A00DDE38D /* Crypto */,
				FACC39D32A557B3A00DDE38D /* Extensions */,
				FACC39B72A557B3A00DDE38D /* Methods */,
				FACC39C72A557B3A00DDE38D /* Protocol */,
				FACC39AA2A557B3A00DDE38D /* Transaction */,
				FACC39A82A557B3A00DDE38D /* Transport */,
				FACC39A02A557B3A00DDE38D /* Utils */,
				FACC39B12A557B3A00DDE38D /* Wrappers */,
				FACC399F2A557B3A00DDE38D /* ZkSyncWallet.swift */,
			);
			path = ZkSync2;
			sourceTree = "<group>";
		};
		FACC39A02A557B3A00DDE38D /* Utils */ = {
			isa = PBXGroup;
			children = (
				FACC39A12A557B3A00DDE38D /* ContractDeployer.swift */,
				FACC39A22A557B3A00DDE38D /* ZkSyncABI.swift */,
				FACC39A32A557B3A00DDE38D /* ContractUtils.swift */,
				FACC39A42A557B3A00DDE38D /* ZkSyncAddresses.swift */,
				FACC39A52A557B3A00DDE38D /* Paymaster.swift */,
				FACC39A62A557B3A00DDE38D /* AccountAbstraction.swift */,
				FACC39A72A557B3A00DDE38D /* ZkSyncTransactionReceiptProcessor.swift */,
			);
			path = Utils;
			sourceTree = "<group>";
		};
		FACC39A82A557B3A00DDE38D /* Transport */ = {
			isa = PBXGroup;
			children = (
				FACC39A92A557B3A00DDE38D /* HTTPTransport.swift */,
			);
			path = Transport;
			sourceTree = "<group>";
		};
		FACC39AA2A557B3A00DDE38D /* Transaction */ = {
			isa = PBXGroup;
			children = (
				FACC39AB2A557B3A00DDE38D /* Fee */,
				FACC39AF2A557B3A00DDE38D /* Type */,
			);
			path = Transaction;
			sourceTree = "<group>";
		};
		FACC39AB2A557B3A00DDE38D /* Fee */ = {
			isa = PBXGroup;
			children = (
				FACC39AC2A557B3A00DDE38D /* Fee.swift */,
				FACC39AD2A557B3A00DDE38D /* DefaultTransactionFeeProvider.swift */,
				FACC39AE2A557B3A00DDE38D /* ZkTransactionFeeProvider.swift */,
			);
			path = Fee;
			sourceTree = "<group>";
		};
		FACC39AF2A557B3A00DDE38D /* Type */ = {
			isa = PBXGroup;
			children = (
				FACC39B02A557B3A00DDE38D /* EthereumTransaction+EIP712.swift */,
			);
			path = Type;
			sourceTree = "<group>";
		};
		FACC39B12A557B3A00DDE38D /* Wrappers */ = {
			isa = PBXGroup;
			children = (
				FACC39B22A557B3A00DDE38D /* ERC20.swift */,
				FACC39B32A557B3A00DDE38D /* IZkSync.swift */,
				FACC39B42A557B3A00DDE38D /* IL1Bridge.swift */,
				FACC39B52A557B3A00DDE38D /* IL2Bridge.swift */,
				FA2816472A55B5F0005090BC /* IEthToken.swift */,
				FA28164B2A55B6F7005090BC /* LToken.swift */,
				FA2816492A55B697005090BC /* IL1Messenger.swift */,
				FACC39B62A557B3A00DDE38D /* NonceHolder.swift */,
			);
			path = Wrappers;
			sourceTree = "<group>";
		};
		FACC39B72A557B3A00DDE38D /* Methods */ = {
			isa = PBXGroup;
			children = (
				FACC39B82A557B3A00DDE38D /* Response */,
				FACC39C42A557B3A00DDE38D /* Request */,
			);
			path = Methods;
			sourceTree = "<group>";
		};
		FACC39B82A557B3A00DDE38D /* Response */ = {
			isa = PBXGroup;
			children = (
				FACC39B92A557B3A00DDE38D /* Log.swift */,
				FACC39BA2A557B3A00DDE38D /* JRPCResponse.swift */,
				FACC39BB2A557B3A00DDE38D /* TransactionResponse.swift */,
				FACC39BC2A557B3A00DDE38D /* L2ToL1Log.swift */,
				FACC39BD2A557B3A00DDE38D /* Block.swift */,
				FACC39BE2A557B3A00DDE38D /* L2ToL1MessageProof.swift */,
				FACC39BF2A557B3A00DDE38D /* TransactionDetails.swift */,
				FACC39C02A557B3A00DDE38D /* BridgeAddresses.swift */,
				FACC39C12A557B3A00DDE38D /* BlockDetails.swift */,
				FACC39C22A557B3A00DDE38D /* JRPCError.swift */,
				FACC39C32A557B3A00DDE38D /* TransactionStatus.swift */,
			);
			path = Response;
			sourceTree = "<group>";
		};
		FACC39C42A557B3A00DDE38D /* Request */ = {
			isa = PBXGroup;
			children = (
				FACC39C52A557B3A00DDE38D /* JRPCRequest.swift */,
				FACC39C62A557B3A00DDE38D /* JRPCCounter.swift */,
			);
			path = Request;
			sourceTree = "<group>";
		};
		FACC39C72A557B3A00DDE38D /* Protocol */ = {
			isa = PBXGroup;
			children = (
				FACC39C82A557B3A00DDE38D /* Core */,
				FACC39CE2A557B3A00DDE38D /* Provider */,
				FACC39D22A557B3A00DDE38D /* ZkSync.swift */,
				FACC39CD2A557B3A00DDE38D /* ZkSyncImpl.swift */,
			);
			path = Protocol;
			sourceTree = "<group>";
		};
		FACC39C82A557B3A00DDE38D /* Core */ = {
			isa = PBXGroup;
			children = (
				FACC39C92A557B3A00DDE38D /* TokenId.swift */,
				FACC39CA2A557B3A00DDE38D /* ZkSyncNetwork.swift */,
				FACC39CB2A557B3A00DDE38D /* ZkBlockParameterName.swift */,
				FACC39CC2A557B3A00DDE38D /* Token.swift */,
			);
			path = Core;
			sourceTree = "<group>";
		};
		FACC39CE2A557B3A00DDE38D /* Provider */ = {
			isa = PBXGroup;
			children = (
				FACC39CF2A557B3A00DDE38D /* EthereumProvider.swift */,
				FACC39D02A557B3A00DDE38D /* DefaultEthereumProvider.swift */,
				FACC39D12A557B3A00DDE38D /* ContractGasProvider.swift */,
			);
			path = Provider;
			sourceTree = "<group>";
		};
		FACC39D32A557B3A00DDE38D /* Extensions */ = {
			isa = PBXGroup;
			children = (
				FACC39D42A557B3A00DDE38D /* Data.swift */,
				FACC39D52A557B3A00DDE38D /* Web3Eth.swift */,
				FACC39D62A557B3A00DDE38D /* ZkSyncImpl+Promise.swift */,
				FACC39D72A557B3A00DDE38D /* EthereumKeystoreV3.swift */,
				FACC39D82A557B3A00DDE38D /* EthereumAddress.swift */,
				FACC39D92A557B3A00DDE38D /* BigUInt.swift */,
				FACC39DA2A557B3A00DDE38D /* String.swift */,
				FACC39DB2A557B3A00DDE38D /* DateFormatter.swift */,
				FACC39DC2A557B3A00DDE38D /* Numeric.swift */,
				FACC39DD2A557B3A00DDE38D /* PromiseKit.swift */,
				FACC39DE2A557B3A00DDE38D /* EthereumTransaction.swift */,
			);
			path = Extensions;
			sourceTree = "<group>";
		};
		FACC39DF2A557B3A00DDE38D /* Crypto */ = {
			isa = PBXGroup;
			children = (
				FACC39E02A557B3A00DDE38D /* Signer */,
				FACC39E32A557B3A00DDE38D /* EIP712 */,
			);
			path = Crypto;
			sourceTree = "<group>";
		};
		FACC39E02A557B3A00DDE38D /* Signer */ = {
			isa = PBXGroup;
			children = (
				FACC39E12A557B3A00DDE38D /* PrivateKeyEthSigner.swift */,
				FACC39E22A557B3A00DDE38D /* EthSigner.swift */,
			);
			path = Signer;
			sourceTree = "<group>";
		};
		FACC39E32A557B3A00DDE38D /* EIP712 */ = {
			isa = PBXGroup;
			children = (
				FACC39E42A557B3A00DDE38D /* EIP712Encoder.swift */,
				FACC39E52A557B3A00DDE38D /* Structurable.swift */,
				FACC39E62A557B3A00DDE38D /* EIP712Domain.swift */,
			);
			path = EIP712;
			sourceTree = "<group>";
		};
/* End PBXGroup section */

/* Begin PBXHeadersBuildPhase section */
		FACC39902A557B2100DDE38D /* Headers */ = {
			isa = PBXHeadersBuildPhase;
			buildActionMask = 2147483647;
			files = (
			);
			runOnlyForDeploymentPostprocessing = 0;
		};
/* End PBXHeadersBuildPhase section */

/* Begin PBXNativeTarget section */
		FACC39942A557B2100DDE38D /* zkSync2-swift */ = {
			isa = PBXNativeTarget;
			buildConfigurationList = FACC399C2A557B2100DDE38D /* Build configuration list for PBXNativeTarget "zkSync2-swift" */;
			buildPhases = (
				2BB7A45A5DB2154D0996765C /* [CP] Check Pods Manifest.lock */,
				FACC39902A557B2100DDE38D /* Headers */,
				FACC39912A557B2100DDE38D /* Sources */,
				FACC39922A557B2100DDE38D /* Frameworks */,
				FACC39932A557B2100DDE38D /* Resources */,
			);
			buildRules = (
			);
			dependencies = (
			);
			name = "zkSync2-swift";
			productName = ZkSync2;
			productReference = FACC39952A557B2100DDE38D /* zkSync2_swift.framework */;
			productType = "com.apple.product-type.framework";
		};
/* End PBXNativeTarget section */

/* Begin PBXProject section */
		FACC398C2A557B2100DDE38D /* Project object */ = {
			isa = PBXProject;
			attributes = {
				BuildIndependentTargetsInParallel = 1;
				LastUpgradeCheck = 1420;
				TargetAttributes = {
					FACC39942A557B2100DDE38D = {
						CreatedOnToolsVersion = 14.2;
						LastSwiftMigration = 1420;
					};
				};
			};
			buildConfigurationList = FACC398F2A557B2100DDE38D /* Build configuration list for PBXProject "ZkSync2" */;
			compatibilityVersion = "Xcode 14.0";
			developmentRegion = en;
			hasScannedForEncodings = 0;
			knownRegions = (
				en,
				Base,
			);
			mainGroup = FACC398B2A557B2100DDE38D;
			productRefGroup = FACC39962A557B2100DDE38D /* Products */;
			projectDirPath = "";
			projectRoot = "";
			targets = (
				FACC39942A557B2100DDE38D /* zkSync2-swift */,
			);
		};
/* End PBXProject section */

/* Begin PBXResourcesBuildPhase section */
		FACC39932A557B2100DDE38D /* Resources */ = {
			isa = PBXResourcesBuildPhase;
			buildActionMask = 2147483647;
			files = (
			);
			runOnlyForDeploymentPostprocessing = 0;
		};
/* End PBXResourcesBuildPhase section */

/* Begin PBXShellScriptBuildPhase section */
		2BB7A45A5DB2154D0996765C /* [CP] Check Pods Manifest.lock */ = {
			isa = PBXShellScriptBuildPhase;
			buildActionMask = 2147483647;
			files = (
			);
			inputFileListPaths = (
			);
			inputPaths = (
				"${PODS_PODFILE_DIR_PATH}/Podfile.lock",
				"${PODS_ROOT}/Manifest.lock",
			);
			name = "[CP] Check Pods Manifest.lock";
			outputFileListPaths = (
			);
			outputPaths = (
				"$(DERIVED_FILE_DIR)/Pods-zkSync2-swift-checkManifestLockResult.txt",
			);
			runOnlyForDeploymentPostprocessing = 0;
			shellPath = /bin/sh;
			shellScript = "diff \"${PODS_PODFILE_DIR_PATH}/Podfile.lock\" \"${PODS_ROOT}/Manifest.lock\" > /dev/null\nif [ $? != 0 ] ; then\n    # print error to STDERR\n    echo \"error: The sandbox is not in sync with the Podfile.lock. Run 'pod install' or update your CocoaPods installation.\" >&2\n    exit 1\nfi\n# This output is used by Xcode 'outputs' to avoid re-running this script phase.\necho \"SUCCESS\" > \"${SCRIPT_OUTPUT_FILE_0}\"\n";
			showEnvVarsInLog = 0;
		};
/* End PBXShellScriptBuildPhase section */

/* Begin PBXSourcesBuildPhase section */
		FACC39912A557B2100DDE38D /* Sources */ = {
			isa = PBXSourcesBuildPhase;
			buildActionMask = 2147483647;
			files = (
				FACC3A162A557B3B00DDE38D /* DateFormatter.swift in Sources */,
				FACC3A052A557B3B00DDE38D /* JRPCCounter.swift in Sources */,
				FACC3A092A557B3B00DDE38D /* Token.swift in Sources */,
				FACC39FB2A557B3B00DDE38D /* TransactionResponse.swift in Sources */,
				FACC39E72A557B3B00DDE38D /* ZkSyncWallet.swift in Sources */,
				FACC3A1B2A557B3B00DDE38D /* EthSigner.swift in Sources */,
				FACC39EF2A557B3B00DDE38D /* HTTPTransport.swift in Sources */,
				FACC39F02A557B3B00DDE38D /* Fee.swift in Sources */,
				FACC39EA2A557B3B00DDE38D /* ContractUtils.swift in Sources */,
				FACC39E82A557B3B00DDE38D /* ContractDeployer.swift in Sources */,
				FA28164C2A55B6F7005090BC /* LToken.swift in Sources */,
				FACC3A142A557B3B00DDE38D /* BigUInt.swift in Sources */,
				FACC39ED2A557B3B00DDE38D /* AccountAbstraction.swift in Sources */,
				FACC3A172A557B3B00DDE38D /* Numeric.swift in Sources */,
				FACC39F32A557B3B00DDE38D /* EthereumTransaction+EIP712.swift in Sources */,
				FACC39F12A557B3B00DDE38D /* DefaultTransactionFeeProvider.swift in Sources */,
				FACC3A0B2A557B3B00DDE38D /* EthereumProvider.swift in Sources */,
				FACC3A112A557B3B00DDE38D /* ZkSyncImpl+Promise.swift in Sources */,
				FA2816482A55B5F0005090BC /* IEthToken.swift in Sources */,
				FACC39E92A557B3B00DDE38D /* ZkSyncABI.swift in Sources */,
				FACC3A1A2A557B3B00DDE38D /* PrivateKeyEthSigner.swift in Sources */,
				FACC3A192A557B3B00DDE38D /* EthereumTransaction.swift in Sources */,
				FACC3A0F2A557B3B00DDE38D /* Data.swift in Sources */,
				FACC3A1E2A557B3B00DDE38D /* EIP712Domain.swift in Sources */,
				FACC3A082A557B3B00DDE38D /* ZkBlockParameterName.swift in Sources */,
				FACC3A072A557B3B00DDE38D /* ZkSyncNetwork.swift in Sources */,
				FACC3A0C2A557B3B00DDE38D /* DefaultEthereumProvider.swift in Sources */,
				FACC39EC2A557B3B00DDE38D /* Paymaster.swift in Sources */,
				FACC3A0E2A557B3B00DDE38D /* ZkSync.swift in Sources */,
				FACC39F72A557B3B00DDE38D /* IL2Bridge.swift in Sources */,
				FACC3A042A557B3B00DDE38D /* JRPCRequest.swift in Sources */,
				FACC39FE2A557B3B00DDE38D /* L2ToL1MessageProof.swift in Sources */,
				FACC3A182A557B3B00DDE38D /* PromiseKit.swift in Sources */,
				FACC3A002A557B3B00DDE38D /* BridgeAddresses.swift in Sources */,
				FACC3A0A2A557B3B00DDE38D /* ZkSyncImpl.swift in Sources */,
				FACC39FC2A557B3B00DDE38D /* L2ToL1Log.swift in Sources */,
				FACC3A032A557B3B00DDE38D /* TransactionStatus.swift in Sources */,
				FACC39FF2A557B3B00DDE38D /* TransactionDetails.swift in Sources */,
				FACC39EE2A557B3B00DDE38D /* ZkSyncTransactionReceiptProcessor.swift in Sources */,
				FACC39EB2A557B3B00DDE38D /* ZkSyncAddresses.swift in Sources */,
				FACC39F52A557B3B00DDE38D /* IZkSync.swift in Sources */,
				FACC3A062A557B3B00DDE38D /* TokenId.swift in Sources */,
				FACC39F92A557B3B00DDE38D /* Log.swift in Sources */,
				FACC39FA2A557B3B00DDE38D /* JRPCResponse.swift in Sources */,
				FACC39F62A557B3B00DDE38D /* IL1Bridge.swift in Sources */,
				FACC39F42A557B3B00DDE38D /* ERC20.swift in Sources */,
				FACC3A132A557B3B00DDE38D /* EthereumAddress.swift in Sources */,
				FACC3A022A557B3B00DDE38D /* JRPCError.swift in Sources */,
				FACC3A122A557B3B00DDE38D /* EthereumKeystoreV3.swift in Sources */,
				FACC3A1C2A557B3B00DDE38D /* EIP712Encoder.swift in Sources */,
				FACC3A102A557B3B00DDE38D /* Web3Eth.swift in Sources */,
				FACC39FD2A557B3B00DDE38D /* Block.swift in Sources */,
				FACC3A012A557B3B00DDE38D /* BlockDetails.swift in Sources */,
				FA28164A2A55B697005090BC /* IL1Messenger.swift in Sources */,
				FACC39F22A557B3B00DDE38D /* ZkTransactionFeeProvider.swift in Sources */,
				FACC39F82A557B3B00DDE38D /* NonceHolder.swift in Sources */,
				FACC3A0D2A557B3B00DDE38D /* ContractGasProvider.swift in Sources */,
				FACC3A152A557B3B00DDE38D /* String.swift in Sources */,
				FACC3A1D2A557B3B00DDE38D /* Structurable.swift in Sources */,
			);
			runOnlyForDeploymentPostprocessing = 0;
		};
/* End PBXSourcesBuildPhase section */

/* Begin XCBuildConfiguration section */
		FACC399A2A557B2100DDE38D /* Debug */ = {
			isa = XCBuildConfiguration;
			buildSettings = {
				ALWAYS_SEARCH_USER_PATHS = NO;
				CLANG_ANALYZER_NONNULL = YES;
				CLANG_ANALYZER_NUMBER_OBJECT_CONVERSION = YES_AGGRESSIVE;
				CLANG_CXX_LANGUAGE_STANDARD = "gnu++20";
				CLANG_ENABLE_MODULES = YES;
				CLANG_ENABLE_OBJC_ARC = YES;
				CLANG_ENABLE_OBJC_WEAK = YES;
				CLANG_WARN_BLOCK_CAPTURE_AUTORELEASING = YES;
				CLANG_WARN_BOOL_CONVERSION = YES;
				CLANG_WARN_COMMA = YES;
				CLANG_WARN_CONSTANT_CONVERSION = YES;
				CLANG_WARN_DEPRECATED_OBJC_IMPLEMENTATIONS = YES;
				CLANG_WARN_DIRECT_OBJC_ISA_USAGE = YES_ERROR;
				CLANG_WARN_DOCUMENTATION_COMMENTS = YES;
				CLANG_WARN_EMPTY_BODY = YES;
				CLANG_WARN_ENUM_CONVERSION = YES;
				CLANG_WARN_INFINITE_RECURSION = YES;
				CLANG_WARN_INT_CONVERSION = YES;
				CLANG_WARN_NON_LITERAL_NULL_CONVERSION = YES;
				CLANG_WARN_OBJC_IMPLICIT_RETAIN_SELF = YES;
				CLANG_WARN_OBJC_LITERAL_CONVERSION = YES;
				CLANG_WARN_OBJC_ROOT_CLASS = YES_ERROR;
				CLANG_WARN_QUOTED_INCLUDE_IN_FRAMEWORK_HEADER = YES;
				CLANG_WARN_RANGE_LOOP_ANALYSIS = YES;
				CLANG_WARN_STRICT_PROTOTYPES = YES;
				CLANG_WARN_SUSPICIOUS_MOVE = YES;
				CLANG_WARN_UNGUARDED_AVAILABILITY = YES_AGGRESSIVE;
				CLANG_WARN_UNREACHABLE_CODE = YES;
				CLANG_WARN__DUPLICATE_METHOD_MATCH = YES;
				COPY_PHASE_STRIP = NO;
				CURRENT_PROJECT_VERSION = 1;
				DEBUG_INFORMATION_FORMAT = dwarf;
				ENABLE_STRICT_OBJC_MSGSEND = YES;
				ENABLE_TESTABILITY = YES;
				GCC_C_LANGUAGE_STANDARD = gnu11;
				GCC_DYNAMIC_NO_PIC = NO;
				GCC_NO_COMMON_BLOCKS = YES;
				GCC_OPTIMIZATION_LEVEL = 0;
				GCC_PREPROCESSOR_DEFINITIONS = (
					"DEBUG=1",
					"$(inherited)",
				);
				GCC_WARN_64_TO_32_BIT_CONVERSION = YES;
				GCC_WARN_ABOUT_RETURN_TYPE = YES_ERROR;
				GCC_WARN_UNDECLARED_SELECTOR = YES;
				GCC_WARN_UNINITIALIZED_AUTOS = YES_AGGRESSIVE;
				GCC_WARN_UNUSED_FUNCTION = YES;
				GCC_WARN_UNUSED_VARIABLE = YES;
				IPHONEOS_DEPLOYMENT_TARGET = 16.2;
				MTL_ENABLE_DEBUG_INFO = INCLUDE_SOURCE;
				MTL_FAST_MATH = YES;
				ONLY_ACTIVE_ARCH = YES;
				SDKROOT = iphoneos;
				SWIFT_ACTIVE_COMPILATION_CONDITIONS = DEBUG;
				SWIFT_OPTIMIZATION_LEVEL = "-Onone";
				VERSIONING_SYSTEM = "apple-generic";
				VERSION_INFO_PREFIX = "";
			};
			name = Debug;
		};
		FACC399B2A557B2100DDE38D /* Release */ = {
			isa = XCBuildConfiguration;
			buildSettings = {
				ALWAYS_SEARCH_USER_PATHS = NO;
				CLANG_ANALYZER_NONNULL = YES;
				CLANG_ANALYZER_NUMBER_OBJECT_CONVERSION = YES_AGGRESSIVE;
				CLANG_CXX_LANGUAGE_STANDARD = "gnu++20";
				CLANG_ENABLE_MODULES = YES;
				CLANG_ENABLE_OBJC_ARC = YES;
				CLANG_ENABLE_OBJC_WEAK = YES;
				CLANG_WARN_BLOCK_CAPTURE_AUTORELEASING = YES;
				CLANG_WARN_BOOL_CONVERSION = YES;
				CLANG_WARN_COMMA = YES;
				CLANG_WARN_CONSTANT_CONVERSION = YES;
				CLANG_WARN_DEPRECATED_OBJC_IMPLEMENTATIONS = YES;
				CLANG_WARN_DIRECT_OBJC_ISA_USAGE = YES_ERROR;
				CLANG_WARN_DOCUMENTATION_COMMENTS = YES;
				CLANG_WARN_EMPTY_BODY = YES;
				CLANG_WARN_ENUM_CONVERSION = YES;
				CLANG_WARN_INFINITE_RECURSION = YES;
				CLANG_WARN_INT_CONVERSION = YES;
				CLANG_WARN_NON_LITERAL_NULL_CONVERSION = YES;
				CLANG_WARN_OBJC_IMPLICIT_RETAIN_SELF = YES;
				CLANG_WARN_OBJC_LITERAL_CONVERSION = YES;
				CLANG_WARN_OBJC_ROOT_CLASS = YES_ERROR;
				CLANG_WARN_QUOTED_INCLUDE_IN_FRAMEWORK_HEADER = YES;
				CLANG_WARN_RANGE_LOOP_ANALYSIS = YES;
				CLANG_WARN_STRICT_PROTOTYPES = YES;
				CLANG_WARN_SUSPICIOUS_MOVE = YES;
				CLANG_WARN_UNGUARDED_AVAILABILITY = YES_AGGRESSIVE;
				CLANG_WARN_UNREACHABLE_CODE = YES;
				CLANG_WARN__DUPLICATE_METHOD_MATCH = YES;
				COPY_PHASE_STRIP = NO;
				CURRENT_PROJECT_VERSION = 1;
				DEBUG_INFORMATION_FORMAT = "dwarf-with-dsym";
				ENABLE_NS_ASSERTIONS = NO;
				ENABLE_STRICT_OBJC_MSGSEND = YES;
				GCC_C_LANGUAGE_STANDARD = gnu11;
				GCC_NO_COMMON_BLOCKS = YES;
				GCC_WARN_64_TO_32_BIT_CONVERSION = YES;
				GCC_WARN_ABOUT_RETURN_TYPE = YES_ERROR;
				GCC_WARN_UNDECLARED_SELECTOR = YES;
				GCC_WARN_UNINITIALIZED_AUTOS = YES_AGGRESSIVE;
				GCC_WARN_UNUSED_FUNCTION = YES;
				GCC_WARN_UNUSED_VARIABLE = YES;
				IPHONEOS_DEPLOYMENT_TARGET = 16.2;
				MTL_ENABLE_DEBUG_INFO = NO;
				MTL_FAST_MATH = YES;
				SDKROOT = iphoneos;
				SWIFT_COMPILATION_MODE = wholemodule;
				SWIFT_OPTIMIZATION_LEVEL = "-O";
				VALIDATE_PRODUCT = YES;
				VERSIONING_SYSTEM = "apple-generic";
				VERSION_INFO_PREFIX = "";
			};
			name = Release;
		};
		FACC399D2A557B2100DDE38D /* Debug */ = {
			isa = XCBuildConfiguration;
			baseConfigurationReference = 2B9D9C1734A04CB9B378037F /* Pods-zkSync2-swift.debug.xcconfig */;
			buildSettings = {
				CLANG_ENABLE_MODULES = YES;
				CODE_SIGN_STYLE = Automatic;
				CURRENT_PROJECT_VERSION = 1;
				DEFINES_MODULE = YES;
				DYLIB_COMPATIBILITY_VERSION = 1;
				DYLIB_CURRENT_VERSION = 1;
				DYLIB_INSTALL_NAME_BASE = "@rpath";
				GENERATE_INFOPLIST_FILE = YES;
				INFOPLIST_KEY_NSHumanReadableCopyright = "";
				INSTALL_PATH = "$(LOCAL_LIBRARY_DIR)/Frameworks";
				IPHONEOS_DEPLOYMENT_TARGET = 13.0;
				LD_RUNPATH_SEARCH_PATHS = (
					"$(inherited)",
					"@executable_path/Frameworks",
					"@loader_path/Frameworks",
				);
				MARKETING_VERSION = 1.0;
				PRODUCT_BUNDLE_IDENTIFIER = "zksync-sdk.ZkSync2";
				PRODUCT_NAME = "$(TARGET_NAME:c99extidentifier)";
				SKIP_INSTALL = YES;
				SWIFT_EMIT_LOC_STRINGS = YES;
				SWIFT_OPTIMIZATION_LEVEL = "-Onone";
				SWIFT_VERSION = 5.0;
				TARGETED_DEVICE_FAMILY = "1,2";
			};
			name = Debug;
		};
		FACC399E2A557B2100DDE38D /* Release */ = {
			isa = XCBuildConfiguration;
			baseConfigurationReference = 7135C85F6D1E252051188CDE /* Pods-zkSync2-swift.release.xcconfig */;
			buildSettings = {
				CLANG_ENABLE_MODULES = YES;
				CODE_SIGN_STYLE = Automatic;
				CURRENT_PROJECT_VERSION = 1;
				DEFINES_MODULE = YES;
				DYLIB_COMPATIBILITY_VERSION = 1;
				DYLIB_CURRENT_VERSION = 1;
				DYLIB_INSTALL_NAME_BASE = "@rpath";
				GENERATE_INFOPLIST_FILE = YES;
				INFOPLIST_KEY_NSHumanReadableCopyright = "";
				INSTALL_PATH = "$(LOCAL_LIBRARY_DIR)/Frameworks";
				IPHONEOS_DEPLOYMENT_TARGET = 13.0;
				LD_RUNPATH_SEARCH_PATHS = (
					"$(inherited)",
					"@executable_path/Frameworks",
					"@loader_path/Frameworks",
				);
				MARKETING_VERSION = 1.0;
				PRODUCT_BUNDLE_IDENTIFIER = "zksync-sdk.ZkSync2";
				PRODUCT_NAME = "$(TARGET_NAME:c99extidentifier)";
				SKIP_INSTALL = YES;
				SWIFT_EMIT_LOC_STRINGS = YES;
				SWIFT_VERSION = 5.0;
				TARGETED_DEVICE_FAMILY = "1,2";
			};
			name = Release;
		};
/* End XCBuildConfiguration section */

/* Begin XCConfigurationList section */
		FACC398F2A557B2100DDE38D /* Build configuration list for PBXProject "ZkSync2" */ = {
			isa = XCConfigurationList;
			buildConfigurations = (
				FACC399A2A557B2100DDE38D /* Debug */,
				FACC399B2A557B2100DDE38D /* Release */,
			);
			defaultConfigurationIsVisible = 0;
			defaultConfigurationName = Release;
		};
		FACC399C2A557B2100DDE38D /* Build configuration list for PBXNativeTarget "zkSync2-swift" */ = {
			isa = XCConfigurationList;
			buildConfigurations = (
				FACC399D2A557B2100DDE38D /* Debug */,
				FACC399E2A557B2100DDE38D /* Release */,
			);
			defaultConfigurationIsVisible = 0;
			defaultConfigurationName = Release;
		};
/* End XCConfigurationList section */
	};
	rootObject = FACC398C2A557B2100DDE38D /* Project object */;
}
